// !$*UTF8*$!
{
	archiveVersion = 1;
	classes = {
	};
	objectVersion = 50;
	objects = {

/* Begin PBXBuildFile section */
		210EC15F23A225370031045D /* Фон копия.jpg in Resources */ = {isa = PBXBuildFile; fileRef = 210EC15E23A225370031045D /* Фон копия.jpg */; };
		210EC16523A22F850031045D /* Login Page View Controller.swift in Sources */ = {isa = PBXBuildFile; fileRef = 210EC16423A22F850031045D /* Login Page View Controller.swift */; };
		210EC1A123A2335C0031045D /* icon167.jpg in Resources */ = {isa = PBXBuildFile; fileRef = 210EC16D23A2335C0031045D /* icon167.jpg */; };
		210EC1A223A2335C0031045D /* icon29.jpg in Resources */ = {isa = PBXBuildFile; fileRef = 210EC16E23A2335C0031045D /* icon29.jpg */; };
		210EC1A423A2335C0031045D /* icon1024.jpg in Resources */ = {isa = PBXBuildFile; fileRef = 210EC17023A2335C0031045D /* icon1024.jpg */; };
		210EC1AB23A2335C0031045D /* icon60.jpg in Resources */ = {isa = PBXBuildFile; fileRef = 210EC17723A2335C0031045D /* icon60.jpg */; };
		210EC1AD23A2335C0031045D /* icon76.jpg in Resources */ = {isa = PBXBuildFile; fileRef = 210EC17923A2335C0031045D /* icon76.jpg */; };
		210EC1B423A2335C0031045D /* icon58.jpg in Resources */ = {isa = PBXBuildFile; fileRef = 210EC18023A2335C0031045D /* icon58.jpg */; };
		210EC1B623A2335C0031045D /* icon40.jpg in Resources */ = {isa = PBXBuildFile; fileRef = 210EC18223A2335C0031045D /* icon40.jpg */; };
		210EC1BB23A2335C0031045D /* icon80.jpg in Resources */ = {isa = PBXBuildFile; fileRef = 210EC18723A2335C0031045D /* icon80.jpg */; };
		210EC1C223A2335C0031045D /* icon87.jpg in Resources */ = {isa = PBXBuildFile; fileRef = 210EC18E23A2335C0031045D /* icon87.jpg */; };
		210EC1C323A2335C0031045D /* icon120.jpg in Resources */ = {isa = PBXBuildFile; fileRef = 210EC18F23A2335C0031045D /* icon120.jpg */; };
		210EC1C623A2335C0031045D /* icon152.jpg in Resources */ = {isa = PBXBuildFile; fileRef = 210EC19223A2335C0031045D /* icon152.jpg */; };
		210EC1C723A2335C0031045D /* icon20.jpg in Resources */ = {isa = PBXBuildFile; fileRef = 210EC19323A2335C0031045D /* icon20.jpg */; };
		210EC1CE23A2335C0031045D /* icon180.jpg in Resources */ = {isa = PBXBuildFile; fileRef = 210EC19A23A2335C0031045D /* icon180.jpg */; };
		210EC1D023A234F40031045D /* Лого.png in Resources */ = {isa = PBXBuildFile; fileRef = 210EC1CF23A234F40031045D /* Лого.png */; };
		213516E923A2AB220046AC75 /* Yellow.jpg in Resources */ = {isa = PBXBuildFile; fileRef = 213516E423A2AB220046AC75 /* Yellow.jpg */; };
		213516EA23A2AB220046AC75 /* Light red.jpg in Resources */ = {isa = PBXBuildFile; fileRef = 213516E523A2AB220046AC75 /* Light red.jpg */; };
		213516EB23A2AB220046AC75 /* Purple.jpg in Resources */ = {isa = PBXBuildFile; fileRef = 213516E623A2AB220046AC75 /* Purple.jpg */; };
		213516EC23A2AB220046AC75 /* Blue.jpg in Resources */ = {isa = PBXBuildFile; fileRef = 213516E723A2AB220046AC75 /* Blue.jpg */; };
		213516EF23A2AB840046AC75 /* Pink.jpg in Resources */ = {isa = PBXBuildFile; fileRef = 213516EE23A2AB840046AC75 /* Pink.jpg */; };
		52375E89239C69F40083EAB9 /* AppDelegate.swift in Sources */ = {isa = PBXBuildFile; fileRef = 52375E88239C69F40083EAB9 /* AppDelegate.swift */; };
		52375E8B239C69F40083EAB9 /* SceneDelegate.swift in Sources */ = {isa = PBXBuildFile; fileRef = 52375E8A239C69F40083EAB9 /* SceneDelegate.swift */; };
		52375E8D239C69F40083EAB9 /* ViewController.swift in Sources */ = {isa = PBXBuildFile; fileRef = 52375E8C239C69F40083EAB9 /* ViewController.swift */; };
		52375E90239C69F40083EAB9 /* Main.storyboard in Resources */ = {isa = PBXBuildFile; fileRef = 52375E8E239C69F40083EAB9 /* Main.storyboard */; };
		52375E93239C69F40083EAB9 /* iOS_app_project.xcdatamodeld in Sources */ = {isa = PBXBuildFile; fileRef = 52375E91239C69F40083EAB9 /* iOS_app_project.xcdatamodeld */; };
		52375E95239C6A060083EAB9 /* Assets.xcassets in Resources */ = {isa = PBXBuildFile; fileRef = 52375E94239C6A060083EAB9 /* Assets.xcassets */; };
		52375E98239C6A060083EAB9 /* LaunchScreen.storyboard in Resources */ = {isa = PBXBuildFile; fileRef = 52375E96239C6A060083EAB9 /* LaunchScreen.storyboard */; };
/* End PBXBuildFile section */

/* Begin PBXFileReference section */
		210EC15E23A225370031045D /* Фон копия.jpg */ = {isa = PBXFileReference; lastKnownFileType = image.jpeg; path = "Фон копия.jpg"; sourceTree = "<group>"; };
		210EC16423A22F850031045D /* Login Page View Controller.swift */ = {isa = PBXFileReference; lastKnownFileType = sourcecode.swift; path = "Login Page View Controller.swift"; sourceTree = "<group>"; };
		210EC16D23A2335C0031045D /* icon167.jpg */ = {isa = PBXFileReference; lastKnownFileType = image.jpeg; path = icon167.jpg; sourceTree = "<group>"; };
		210EC16E23A2335C0031045D /* icon29.jpg */ = {isa = PBXFileReference; lastKnownFileType = image.jpeg; path = icon29.jpg; sourceTree = "<group>"; };
		210EC17023A2335C0031045D /* icon1024.jpg */ = {isa = PBXFileReference; lastKnownFileType = image.jpeg; path = icon1024.jpg; sourceTree = "<group>"; };
		210EC17723A2335C0031045D /* icon60.jpg */ = {isa = PBXFileReference; lastKnownFileType = image.jpeg; path = icon60.jpg; sourceTree = "<group>"; };
		210EC17923A2335C0031045D /* icon76.jpg */ = {isa = PBXFileReference; lastKnownFileType = image.jpeg; path = icon76.jpg; sourceTree = "<group>"; };
		210EC18023A2335C0031045D /* icon58.jpg */ = {isa = PBXFileReference; lastKnownFileType = image.jpeg; path = icon58.jpg; sourceTree = "<group>"; };
		210EC18223A2335C0031045D /* icon40.jpg */ = {isa = PBXFileReference; lastKnownFileType = image.jpeg; path = icon40.jpg; sourceTree = "<group>"; };
		210EC18723A2335C0031045D /* icon80.jpg */ = {isa = PBXFileReference; lastKnownFileType = image.jpeg; path = icon80.jpg; sourceTree = "<group>"; };
		210EC18E23A2335C0031045D /* icon87.jpg */ = {isa = PBXFileReference; lastKnownFileType = image.jpeg; path = icon87.jpg; sourceTree = "<group>"; };
		210EC18F23A2335C0031045D /* icon120.jpg */ = {isa = PBXFileReference; lastKnownFileType = image.jpeg; path = icon120.jpg; sourceTree = "<group>"; };
		210EC19223A2335C0031045D /* icon152.jpg */ = {isa = PBXFileReference; lastKnownFileType = image.jpeg; path = icon152.jpg; sourceTree = "<group>"; };
		210EC19323A2335C0031045D /* icon20.jpg */ = {isa = PBXFileReference; lastKnownFileType = image.jpeg; path = icon20.jpg; sourceTree = "<group>"; };
		210EC19A23A2335C0031045D /* icon180.jpg */ = {isa = PBXFileReference; lastKnownFileType = image.jpeg; path = icon180.jpg; sourceTree = "<group>"; };
		210EC1CF23A234F40031045D /* Лого.png */ = {isa = PBXFileReference; lastKnownFileType = image.png; path = "Лого.png"; sourceTree = "<group>"; };
		213516E423A2AB220046AC75 /* Yellow.jpg */ = {isa = PBXFileReference; lastKnownFileType = image.jpeg; path = Yellow.jpg; sourceTree = "<group>"; };
		213516E523A2AB220046AC75 /* Light red.jpg */ = {isa = PBXFileReference; lastKnownFileType = image.jpeg; path = "Light red.jpg"; sourceTree = "<group>"; };
		213516E623A2AB220046AC75 /* Purple.jpg */ = {isa = PBXFileReference; lastKnownFileType = image.jpeg; path = Purple.jpg; sourceTree = "<group>"; };
		213516E723A2AB220046AC75 /* Blue.jpg */ = {isa = PBXFileReference; lastKnownFileType = image.jpeg; path = Blue.jpg; sourceTree = "<group>"; };
		213516EE23A2AB840046AC75 /* Pink.jpg */ = {isa = PBXFileReference; lastKnownFileType = image.jpeg; path = Pink.jpg; sourceTree = "<group>"; };
		52375E85239C69F40083EAB9 /* FreeModel.app */ = {isa = PBXFileReference; explicitFileType = wrapper.application; includeInIndex = 0; path = FreeModel.app; sourceTree = BUILT_PRODUCTS_DIR; };
		52375E88239C69F40083EAB9 /* AppDelegate.swift */ = {isa = PBXFileReference; lastKnownFileType = sourcecode.swift; path = AppDelegate.swift; sourceTree = "<group>"; };
		52375E8A239C69F40083EAB9 /* SceneDelegate.swift */ = {isa = PBXFileReference; lastKnownFileType = sourcecode.swift; path = SceneDelegate.swift; sourceTree = "<group>"; };
		52375E8C239C69F40083EAB9 /* ViewController.swift */ = {isa = PBXFileReference; lastKnownFileType = sourcecode.swift; path = ViewController.swift; sourceTree = "<group>"; };
		52375E8F239C69F40083EAB9 /* Base */ = {isa = PBXFileReference; lastKnownFileType = file.storyboard; name = Base; path = Base.lproj/Main.storyboard; sourceTree = "<group>"; };
		52375E92239C69F40083EAB9 /* iOS_app_project.xcdatamodel */ = {isa = PBXFileReference; lastKnownFileType = wrapper.xcdatamodel; path = iOS_app_project.xcdatamodel; sourceTree = "<group>"; };
		52375E94239C6A060083EAB9 /* Assets.xcassets */ = {isa = PBXFileReference; lastKnownFileType = folder.assetcatalog; path = Assets.xcassets; sourceTree = "<group>"; };
		52375E97239C6A060083EAB9 /* Base */ = {isa = PBXFileReference; lastKnownFileType = file.storyboard; name = Base; path = Base.lproj/LaunchScreen.storyboard; sourceTree = "<group>"; };
		52375E99239C6A060083EAB9 /* Info.plist */ = {isa = PBXFileReference; lastKnownFileType = text.plist.xml; path = Info.plist; sourceTree = "<group>"; };
/* End PBXFileReference section */

/* Begin PBXFrameworksBuildPhase section */
		52375E82239C69F40083EAB9 /* Frameworks */ = {
			isa = PBXFrameworksBuildPhase;
			buildActionMask = 2147483647;
			files = (
			);
			runOnlyForDeploymentPostprocessing = 0;
		};
/* End PBXFrameworksBuildPhase section */

/* Begin PBXGroup section */
		210EC15D23A225190031045D /* Pics */ = {
			isa = PBXGroup;
			children = (
				213516E323A2AAC70046AC75 /* Colour Background */,
				210EC1CF23A234F40031045D /* Лого.png */,
				210EC15E23A225370031045D /* Фон копия.jpg */,
			);
			path = Pics;
			sourceTree = "<group>";
		};
		210EC16623A2335C0031045D /* Icons */ = {
			isa = PBXGroup;
			children = (
				210EC16D23A2335C0031045D /* icon167.jpg */,
				210EC16E23A2335C0031045D /* icon29.jpg */,
				210EC17023A2335C0031045D /* icon1024.jpg */,
				210EC17723A2335C0031045D /* icon60.jpg */,
				210EC17923A2335C0031045D /* icon76.jpg */,
				210EC18023A2335C0031045D /* icon58.jpg */,
				210EC18223A2335C0031045D /* icon40.jpg */,
				210EC18723A2335C0031045D /* icon80.jpg */,
				210EC18E23A2335C0031045D /* icon87.jpg */,
				210EC18F23A2335C0031045D /* icon120.jpg */,
				210EC19223A2335C0031045D /* icon152.jpg */,
				210EC19323A2335C0031045D /* icon20.jpg */,
				210EC19A23A2335C0031045D /* icon180.jpg */,
			);
			path = Icons;
			sourceTree = "<group>";
		};
		213516E323A2AAC70046AC75 /* Colour Background */ = {
			isa = PBXGroup;
			children = (
				213516EE23A2AB840046AC75 /* Pink.jpg */,
				213516E723A2AB220046AC75 /* Blue.jpg */,
				213516E523A2AB220046AC75 /* Light red.jpg */,
				213516E623A2AB220046AC75 /* Purple.jpg */,
				213516E423A2AB220046AC75 /* Yellow.jpg */,
			);
			path = "Colour Background";
			sourceTree = "<group>";
		};
		52375E7C239C69F40083EAB9 = {
			isa = PBXGroup;
			children = (
				52375E87239C69F40083EAB9 /* iOS_app_project */,
				52375E86239C69F40083EAB9 /* Products */,
			);
			sourceTree = "<group>";
		};
		52375E86239C69F40083EAB9 /* Products */ = {
			isa = PBXGroup;
			children = (
				52375E85239C69F40083EAB9 /* FreeModel.app */,
			);
			name = Products;
			sourceTree = "<group>";
		};
		52375E87239C69F40083EAB9 /* iOS_app_project */ = {
			isa = PBXGroup;
			children = (
				210EC16623A2335C0031045D /* Icons */,
				210EC15D23A225190031045D /* Pics */,
				52375E88239C69F40083EAB9 /* AppDelegate.swift */,
				210EC16423A22F850031045D /* Login Page View Controller.swift */,
				52375E8A239C69F40083EAB9 /* SceneDelegate.swift */,
				52375E8C239C69F40083EAB9 /* ViewController.swift */,
				52375E8E239C69F40083EAB9 /* Main.storyboard */,
				52375E94239C6A060083EAB9 /* Assets.xcassets */,
				52375E96239C6A060083EAB9 /* LaunchScreen.storyboard */,
				52375E99239C6A060083EAB9 /* Info.plist */,
				52375E91239C69F40083EAB9 /* iOS_app_project.xcdatamodeld */,
			);
			path = iOS_app_project;
			sourceTree = "<group>";
		};
/* End PBXGroup section */

/* Begin PBXNativeTarget section */
		52375E84239C69F40083EAB9 /* iOS_app_project */ = {
			isa = PBXNativeTarget;
			buildConfigurationList = 52375E9C239C6A060083EAB9 /* Build configuration list for PBXNativeTarget "iOS_app_project" */;
			buildPhases = (
				52375E81239C69F40083EAB9 /* Sources */,
				52375E82239C69F40083EAB9 /* Frameworks */,
				52375E83239C69F40083EAB9 /* Resources */,
			);
			buildRules = (
			);
			dependencies = (
			);
			name = iOS_app_project;
			productName = iOS_app_project;
			productReference = 52375E85239C69F40083EAB9 /* FreeModel.app */;
			productType = "com.apple.product-type.application";
		};
/* End PBXNativeTarget section */

/* Begin PBXProject section */
		52375E7D239C69F40083EAB9 /* Project object */ = {
			isa = PBXProject;
			attributes = {
				LastSwiftUpdateCheck = 1120;
				LastUpgradeCheck = 1120;
				ORGANIZATIONNAME = "Игорь Кузнецов";
				TargetAttributes = {
					52375E84239C69F40083EAB9 = {
						CreatedOnToolsVersion = 11.2.1;
					};
				};
			};
			buildConfigurationList = 52375E80239C69F40083EAB9 /* Build configuration list for PBXProject "iOS_app_project" */;
			compatibilityVersion = "Xcode 9.3";
			developmentRegion = en;
			hasScannedForEncodings = 0;
			knownRegions = (
				en,
				Base,
			);
			mainGroup = 52375E7C239C69F40083EAB9;
			productRefGroup = 52375E86239C69F40083EAB9 /* Products */;
			projectDirPath = "";
			projectRoot = "";
			targets = (
				52375E84239C69F40083EAB9 /* iOS_app_project */,
			);
		};
/* End PBXProject section */

/* Begin PBXResourcesBuildPhase section */
		52375E83239C69F40083EAB9 /* Resources */ = {
			isa = PBXResourcesBuildPhase;
			buildActionMask = 2147483647;
			files = (
				52375E98239C6A060083EAB9 /* LaunchScreen.storyboard in Resources */,
				210EC1A423A2335C0031045D /* icon1024.jpg in Resources */,
				210EC1B423A2335C0031045D /* icon58.jpg in Resources */,
				210EC1CE23A2335C0031045D /* icon180.jpg in Resources */,
				213516E923A2AB220046AC75 /* Yellow.jpg in Resources */,
				52375E95239C6A060083EAB9 /* Assets.xcassets in Resources */,
				210EC1A223A2335C0031045D /* icon29.jpg in Resources */,
				52375E90239C69F40083EAB9 /* Main.storyboard in Resources */,
				210EC1BB23A2335C0031045D /* icon80.jpg in Resources */,
				213516EC23A2AB220046AC75 /* Blue.jpg in Resources */,
				210EC1AB23A2335C0031045D /* icon60.jpg in Resources */,
				210EC1D023A234F40031045D /* Лого.png in Resources */,
				213516EA23A2AB220046AC75 /* Light red.jpg in Resources */,
				213516EF23A2AB840046AC75 /* Pink.jpg in Resources */,
				210EC1B623A2335C0031045D /* icon40.jpg in Resources */,
				210EC1C723A2335C0031045D /* icon20.jpg in Resources */,
				210EC1C223A2335C0031045D /* icon87.jpg in Resources */,
				210EC1C323A2335C0031045D /* icon120.jpg in Resources */,
				210EC15F23A225370031045D /* Фон копия.jpg in Resources */,
				210EC1C623A2335C0031045D /* icon152.jpg in Resources */,
				210EC1A123A2335C0031045D /* icon167.jpg in Resources */,
				210EC1AD23A2335C0031045D /* icon76.jpg in Resources */,
				213516EB23A2AB220046AC75 /* Purple.jpg in Resources */,
			);
			runOnlyForDeploymentPostprocessing = 0;
		};
/* End PBXResourcesBuildPhase section */

/* Begin PBXSourcesBuildPhase section */
		52375E81239C69F40083EAB9 /* Sources */ = {
			isa = PBXSourcesBuildPhase;
			buildActionMask = 2147483647;
			files = (
				52375E8D239C69F40083EAB9 /* ViewController.swift in Sources */,
				52375E93239C69F40083EAB9 /* iOS_app_project.xcdatamodeld in Sources */,
				52375E89239C69F40083EAB9 /* AppDelegate.swift in Sources */,
				210EC16523A22F850031045D /* Login Page View Controller.swift in Sources */,
				52375E8B239C69F40083EAB9 /* SceneDelegate.swift in Sources */,
			);
			runOnlyForDeploymentPostprocessing = 0;
		};
/* End PBXSourcesBuildPhase section */

/* Begin PBXVariantGroup section */
		52375E8E239C69F40083EAB9 /* Main.storyboard */ = {
			isa = PBXVariantGroup;
			children = (
				52375E8F239C69F40083EAB9 /* Base */,
			);
			name = Main.storyboard;
			sourceTree = "<group>";
		};
		52375E96239C6A060083EAB9 /* LaunchScreen.storyboard */ = {
			isa = PBXVariantGroup;
			children = (
				52375E97239C6A060083EAB9 /* Base */,
			);
			name = LaunchScreen.storyboard;
			sourceTree = "<group>";
		};
/* End PBXVariantGroup section */

/* Begin XCBuildConfiguration section */
		52375E9A239C6A060083EAB9 /* Debug */ = {
			isa = XCBuildConfiguration;
			buildSettings = {
				ALWAYS_SEARCH_USER_PATHS = NO;
				CLANG_ANALYZER_NONNULL = YES;
				CLANG_ANALYZER_NUMBER_OBJECT_CONVERSION = YES_AGGRESSIVE;
				CLANG_CXX_LANGUAGE_STANDARD = "gnu++14";
				CLANG_CXX_LIBRARY = "libc++";
				CLANG_ENABLE_MODULES = YES;
				CLANG_ENABLE_OBJC_ARC = YES;
				CLANG_ENABLE_OBJC_WEAK = YES;
				CLANG_WARN_BLOCK_CAPTURE_AUTORELEASING = YES;
				CLANG_WARN_BOOL_CONVERSION = YES;
				CLANG_WARN_COMMA = YES;
				CLANG_WARN_CONSTANT_CONVERSION = YES;
				CLANG_WARN_DEPRECATED_OBJC_IMPLEMENTATIONS = YES;
				CLANG_WARN_DIRECT_OBJC_ISA_USAGE = YES_ERROR;
				CLANG_WARN_DOCUMENTATION_COMMENTS = YES;
				CLANG_WARN_EMPTY_BODY = YES;
				CLANG_WARN_ENUM_CONVERSION = YES;
				CLANG_WARN_INFINITE_RECURSION = YES;
				CLANG_WARN_INT_CONVERSION = YES;
				CLANG_WARN_NON_LITERAL_NULL_CONVERSION = YES;
				CLANG_WARN_OBJC_IMPLICIT_RETAIN_SELF = YES;
				CLANG_WARN_OBJC_LITERAL_CONVERSION = YES;
				CLANG_WARN_OBJC_ROOT_CLASS = YES_ERROR;
				CLANG_WARN_RANGE_LOOP_ANALYSIS = YES;
				CLANG_WARN_STRICT_PROTOTYPES = YES;
				CLANG_WARN_SUSPICIOUS_MOVE = YES;
				CLANG_WARN_UNGUARDED_AVAILABILITY = YES_AGGRESSIVE;
				CLANG_WARN_UNREACHABLE_CODE = YES;
				CLANG_WARN__DUPLICATE_METHOD_MATCH = YES;
				COPY_PHASE_STRIP = NO;
				DEBUG_INFORMATION_FORMAT = dwarf;
				ENABLE_STRICT_OBJC_MSGSEND = YES;
				ENABLE_TESTABILITY = YES;
				GCC_C_LANGUAGE_STANDARD = gnu11;
				GCC_DYNAMIC_NO_PIC = NO;
				GCC_NO_COMMON_BLOCKS = YES;
				GCC_OPTIMIZATION_LEVEL = 0;
				GCC_PREPROCESSOR_DEFINITIONS = (
					"DEBUG=1",
					"$(inherited)",
				);
				GCC_WARN_64_TO_32_BIT_CONVERSION = YES;
				GCC_WARN_ABOUT_RETURN_TYPE = YES_ERROR;
				GCC_WARN_UNDECLARED_SELECTOR = YES;
				GCC_WARN_UNINITIALIZED_AUTOS = YES_AGGRESSIVE;
				GCC_WARN_UNUSED_FUNCTION = YES;
				GCC_WARN_UNUSED_VARIABLE = YES;
				IPHONEOS_DEPLOYMENT_TARGET = 13.2;
				MTL_ENABLE_DEBUG_INFO = INCLUDE_SOURCE;
				MTL_FAST_MATH = YES;
				ONLY_ACTIVE_ARCH = YES;
				SDKROOT = iphoneos;
				SWIFT_ACTIVE_COMPILATION_CONDITIONS = DEBUG;
				SWIFT_OPTIMIZATION_LEVEL = "-Onone";
			};
			name = Debug;
		};
		52375E9B239C6A060083EAB9 /* Release */ = {
			isa = XCBuildConfiguration;
			buildSettings = {
				ALWAYS_SEARCH_USER_PATHS = NO;
				CLANG_ANALYZER_NONNULL = YES;
				CLANG_ANALYZER_NUMBER_OBJECT_CONVERSION = YES_AGGRESSIVE;
				CLANG_CXX_LANGUAGE_STANDARD = "gnu++14";
				CLANG_CXX_LIBRARY = "libc++";
				CLANG_ENABLE_MODULES = YES;
				CLANG_ENABLE_OBJC_ARC = YES;
				CLANG_ENABLE_OBJC_WEAK = YES;
				CLANG_WARN_BLOCK_CAPTURE_AUTORELEASING = YES;
				CLANG_WARN_BOOL_CONVERSION = YES;
				CLANG_WARN_COMMA = YES;
				CLANG_WARN_CONSTANT_CONVERSION = YES;
				CLANG_WARN_DEPRECATED_OBJC_IMPLEMENTATIONS = YES;
				CLANG_WARN_DIRECT_OBJC_ISA_USAGE = YES_ERROR;
				CLANG_WARN_DOCUMENTATION_COMMENTS = YES;
				CLANG_WARN_EMPTY_BODY = YES;
				CLANG_WARN_ENUM_CONVERSION = YES;
				CLANG_WARN_INFINITE_RECURSION = YES;
				CLANG_WARN_INT_CONVERSION = YES;
				CLANG_WARN_NON_LITERAL_NULL_CONVERSION = YES;
				CLANG_WARN_OBJC_IMPLICIT_RETAIN_SELF = YES;
				CLANG_WARN_OBJC_LITERAL_CONVERSION = YES;
				CLANG_WARN_OBJC_ROOT_CLASS = YES_ERROR;
				CLANG_WARN_RANGE_LOOP_ANALYSIS = YES;
				CLANG_WARN_STRICT_PROTOTYPES = YES;
				CLANG_WARN_SUSPICIOUS_MOVE = YES;
				CLANG_WARN_UNGUARDED_AVAILABILITY = YES_AGGRESSIVE;
				CLANG_WARN_UNREACHABLE_CODE = YES;
				CLANG_WARN__DUPLICATE_METHOD_MATCH = YES;
				COPY_PHASE_STRIP = NO;
				DEBUG_INFORMATION_FORMAT = "dwarf-with-dsym";
				ENABLE_NS_ASSERTIONS = NO;
				ENABLE_STRICT_OBJC_MSGSEND = YES;
				GCC_C_LANGUAGE_STANDARD = gnu11;
				GCC_NO_COMMON_BLOCKS = YES;
				GCC_WARN_64_TO_32_BIT_CONVERSION = YES;
				GCC_WARN_ABOUT_RETURN_TYPE = YES_ERROR;
				GCC_WARN_UNDECLARED_SELECTOR = YES;
				GCC_WARN_UNINITIALIZED_AUTOS = YES_AGGRESSIVE;
				GCC_WARN_UNUSED_FUNCTION = YES;
				GCC_WARN_UNUSED_VARIABLE = YES;
				IPHONEOS_DEPLOYMENT_TARGET = 13.2;
				MTL_ENABLE_DEBUG_INFO = NO;
				MTL_FAST_MATH = YES;
				SDKROOT = iphoneos;
				SWIFT_COMPILATION_MODE = wholemodule;
				SWIFT_OPTIMIZATION_LEVEL = "-O";
				VALIDATE_PRODUCT = YES;
			};
			name = Release;
		};
		52375E9D239C6A060083EAB9 /* Debug */ = {
			isa = XCBuildConfiguration;
			buildSettings = {
				ASSETCATALOG_COMPILER_APPICON_NAME = AppIcon;
				CODE_SIGN_STYLE = Automatic;
				DEVELOPMENT_TEAM = H9G9M9M399;
				INFOPLIST_FILE = iOS_app_project/Info.plist;
				LD_RUNPATH_SEARCH_PATHS = (
					"$(inherited)",
					"@executable_path/Frameworks",
				);
				PRODUCT_BUNDLE_IDENTIFIER = "com.Igor.iOS-app-project";
				PRODUCT_NAME = FreeModel;
				SWIFT_VERSION = 5.0;
				TARGETED_DEVICE_FAMILY = "1,2";
			};
			name = Debug;
		};
		52375E9E239C6A060083EAB9 /* Release */ = {
			isa = XCBuildConfiguration;
			buildSettings = {
				ASSETCATALOG_COMPILER_APPICON_NAME = AppIcon;
				CODE_SIGN_STYLE = Automatic;
				DEVELOPMENT_TEAM = H9G9M9M399;
				INFOPLIST_FILE = iOS_app_project/Info.plist;
				LD_RUNPATH_SEARCH_PATHS = (
					"$(inherited)",
					"@executable_path/Frameworks",
				);
				PRODUCT_BUNDLE_IDENTIFIER = "com.Igor.iOS-app-project";
				PRODUCT_NAME = FreeModel;
				SWIFT_VERSION = 5.0;
				TARGETED_DEVICE_FAMILY = "1,2";
			};
			name = Release;
		};
/* End XCBuildConfiguration section */

/* Begin XCConfigurationList section */
		52375E80239C69F40083EAB9 /* Build configuration list for PBXProject "iOS_app_project" */ = {
			isa = XCConfigurationList;
			buildConfigurations = (
				52375E9A239C6A060083EAB9 /* Debug */,
				52375E9B239C6A060083EAB9 /* Release */,
			);
			defaultConfigurationIsVisible = 0;
			defaultConfigurationName = Release;
		};
		52375E9C239C6A060083EAB9 /* Build configuration list for PBXNativeTarget "iOS_app_project" */ = {
			isa = XCConfigurationList;
			buildConfigurations = (
				52375E9D239C6A060083EAB9 /* Debug */,
				52375E9E239C6A060083EAB9 /* Release */,
			);
			defaultConfigurationIsVisible = 0;
			defaultConfigurationName = Release;
		};
/* End XCConfigurationList section */

/* Begin XCVersionGroup section */
		52375E91239C69F40083EAB9 /* iOS_app_project.xcdatamodeld */ = {
			isa = XCVersionGroup;
			children = (
				52375E92239C69F40083EAB9 /* iOS_app_project.xcdatamodel */,
			);
			currentVersion = 52375E92239C69F40083EAB9 /* iOS_app_project.xcdatamodel */;
			path = iOS_app_project.xcdatamodeld;
			sourceTree = "<group>";
			versionGroupType = wrapper.xcdatamodel;
		};
/* End XCVersionGroup section */
	};
	rootObject = 52375E7D239C69F40083EAB9 /* Project object */;
}
