// !$*UTF8*$!
{
	archiveVersion = 1;
	classes = {
	};
	objectVersion = 50;
	objects = {

/* Begin PBXBuildFile section */
		210EC14323A224410031045D /* icon58 copy 2.jpg in Resources */ = {isa = PBXBuildFile; fileRef = 210EC12923A224400031045D /* icon58 copy 2.jpg */; };
		210EC14423A224410031045D /* icon120 copy 2.jpg in Resources */ = {isa = PBXBuildFile; fileRef = 210EC12A23A224400031045D /* icon120 copy 2.jpg */; };
		210EC14523A224410031045D /* icon1024 copy 2.jpg in Resources */ = {isa = PBXBuildFile; fileRef = 210EC12B23A224400031045D /* icon1024 copy 2.jpg */; };
		210EC14623A224410031045D /* icon87 copy 2.jpg in Resources */ = {isa = PBXBuildFile; fileRef = 210EC12C23A224400031045D /* icon87 copy 2.jpg */; };
		210EC14723A224410031045D /* icon120 copy 3.jpg in Resources */ = {isa = PBXBuildFile; fileRef = 210EC12D23A224400031045D /* icon120 copy 3.jpg */; };
		210EC14823A224410031045D /* icon58 copy 3.jpg in Resources */ = {isa = PBXBuildFile; fileRef = 210EC12E23A224400031045D /* icon58 copy 3.jpg */; };
		210EC14923A224410031045D /* icon167 copy 2.jpg in Resources */ = {isa = PBXBuildFile; fileRef = 210EC12F23A224400031045D /* icon167 copy 2.jpg */; };
		210EC14A23A224410031045D /* icon60 copy 2.jpg in Resources */ = {isa = PBXBuildFile; fileRef = 210EC13023A224400031045D /* icon60 copy 2.jpg */; };
		210EC14B23A224410031045D /* icon40 copy 2.jpg in Resources */ = {isa = PBXBuildFile; fileRef = 210EC13123A224400031045D /* icon40 copy 2.jpg */; };
		210EC14C23A224410031045D /* icon180 copy 2.jpg in Resources */ = {isa = PBXBuildFile; fileRef = 210EC13223A224400031045D /* icon180 copy 2.jpg */; };
		210EC14D23A224410031045D /* icon1024 copy 3.jpg in Resources */ = {isa = PBXBuildFile; fileRef = 210EC13323A224400031045D /* icon1024 copy 3.jpg */; };
		210EC14E23A224410031045D /* icon20 copy 2.jpg in Resources */ = {isa = PBXBuildFile; fileRef = 210EC13423A224400031045D /* icon20 copy 2.jpg */; };
		210EC14F23A224410031045D /* icon87 copy 3.jpg in Resources */ = {isa = PBXBuildFile; fileRef = 210EC13523A224400031045D /* icon87 copy 3.jpg */; };
		210EC15023A224410031045D /* icon20 copy 3.jpg in Resources */ = {isa = PBXBuildFile; fileRef = 210EC13623A224400031045D /* icon20 copy 3.jpg */; };
		210EC15123A224410031045D /* icon180 copy 3.jpg in Resources */ = {isa = PBXBuildFile; fileRef = 210EC13723A224400031045D /* icon180 copy 3.jpg */; };
		210EC15223A224410031045D /* icon80 copy 2.jpg in Resources */ = {isa = PBXBuildFile; fileRef = 210EC13823A224410031045D /* icon80 copy 2.jpg */; };
		210EC15323A224410031045D /* icon152 copy 2.jpg in Resources */ = {isa = PBXBuildFile; fileRef = 210EC13923A224410031045D /* icon152 copy 2.jpg */; };
		210EC15423A224410031045D /* icon167 copy 3.jpg in Resources */ = {isa = PBXBuildFile; fileRef = 210EC13A23A224410031045D /* icon167 copy 3.jpg */; };
		210EC15523A224410031045D /* icon80 copy 3.jpg in Resources */ = {isa = PBXBuildFile; fileRef = 210EC13B23A224410031045D /* icon80 copy 3.jpg */; };
		210EC15623A224410031045D /* icon40 copy 3.jpg in Resources */ = {isa = PBXBuildFile; fileRef = 210EC13C23A224410031045D /* icon40 copy 3.jpg */; };
		210EC15723A224410031045D /* icon60 copy 3.jpg in Resources */ = {isa = PBXBuildFile; fileRef = 210EC13D23A224410031045D /* icon60 copy 3.jpg */; };
		210EC15823A224410031045D /* icon76 copy 2.jpg in Resources */ = {isa = PBXBuildFile; fileRef = 210EC13E23A224410031045D /* icon76 copy 2.jpg */; };
		210EC15923A224410031045D /* icon29 copy 2.jpg in Resources */ = {isa = PBXBuildFile; fileRef = 210EC13F23A224410031045D /* icon29 copy 2.jpg */; };
		210EC15A23A224410031045D /* icon29 copy 3.jpg in Resources */ = {isa = PBXBuildFile; fileRef = 210EC14023A224410031045D /* icon29 copy 3.jpg */; };
		210EC15B23A224410031045D /* icon152 copy 3.jpg in Resources */ = {isa = PBXBuildFile; fileRef = 210EC14123A224410031045D /* icon152 copy 3.jpg */; };
		210EC15C23A224410031045D /* icon76 copy 3.jpg in Resources */ = {isa = PBXBuildFile; fileRef = 210EC14223A224410031045D /* icon76 copy 3.jpg */; };
		52375E89239C69F40083EAB9 /* AppDelegate.swift in Sources */ = {isa = PBXBuildFile; fileRef = 52375E88239C69F40083EAB9 /* AppDelegate.swift */; };
		52375E8B239C69F40083EAB9 /* SceneDelegate.swift in Sources */ = {isa = PBXBuildFile; fileRef = 52375E8A239C69F40083EAB9 /* SceneDelegate.swift */; };
		52375E8D239C69F40083EAB9 /* ViewController.swift in Sources */ = {isa = PBXBuildFile; fileRef = 52375E8C239C69F40083EAB9 /* ViewController.swift */; };
		52375E90239C69F40083EAB9 /* Main.storyboard in Resources */ = {isa = PBXBuildFile; fileRef = 52375E8E239C69F40083EAB9 /* Main.storyboard */; };
		52375E93239C69F40083EAB9 /* iOS_app_project.xcdatamodeld in Sources */ = {isa = PBXBuildFile; fileRef = 52375E91239C69F40083EAB9 /* iOS_app_project.xcdatamodeld */; };
		52375E95239C6A060083EAB9 /* Assets.xcassets in Resources */ = {isa = PBXBuildFile; fileRef = 52375E94239C6A060083EAB9 /* Assets.xcassets */; };
		52375E98239C6A060083EAB9 /* LaunchScreen.storyboard in Resources */ = {isa = PBXBuildFile; fileRef = 52375E96239C6A060083EAB9 /* LaunchScreen.storyboard */; };
/* End PBXBuildFile section */

/* Begin PBXFileReference section */
		210EC12923A224400031045D /* icon58 copy 2.jpg */ = {isa = PBXFileReference; lastKnownFileType = image.jpeg; path = "icon58 copy 2.jpg"; sourceTree = "<group>"; };
		210EC12A23A224400031045D /* icon120 copy 2.jpg */ = {isa = PBXFileReference; lastKnownFileType = image.jpeg; path = "icon120 copy 2.jpg"; sourceTree = "<group>"; };
		210EC12B23A224400031045D /* icon1024 copy 2.jpg */ = {isa = PBXFileReference; lastKnownFileType = image.jpeg; path = "icon1024 copy 2.jpg"; sourceTree = "<group>"; };
		210EC12C23A224400031045D /* icon87 copy 2.jpg */ = {isa = PBXFileReference; lastKnownFileType = image.jpeg; path = "icon87 copy 2.jpg"; sourceTree = "<group>"; };
		210EC12D23A224400031045D /* icon120 copy 3.jpg */ = {isa = PBXFileReference; lastKnownFileType = image.jpeg; path = "icon120 copy 3.jpg"; sourceTree = "<group>"; };
		210EC12E23A224400031045D /* icon58 copy 3.jpg */ = {isa = PBXFileReference; lastKnownFileType = image.jpeg; path = "icon58 copy 3.jpg"; sourceTree = "<group>"; };
		210EC12F23A224400031045D /* icon167 copy 2.jpg */ = {isa = PBXFileReference; lastKnownFileType = image.jpeg; path = "icon167 copy 2.jpg"; sourceTree = "<group>"; };
		210EC13023A224400031045D /* icon60 copy 2.jpg */ = {isa = PBXFileReference; lastKnownFileType = image.jpeg; path = "icon60 copy 2.jpg"; sourceTree = "<group>"; };
		210EC13123A224400031045D /* icon40 copy 2.jpg */ = {isa = PBXFileReference; lastKnownFileType = image.jpeg; path = "icon40 copy 2.jpg"; sourceTree = "<group>"; };
		210EC13223A224400031045D /* icon180 copy 2.jpg */ = {isa = PBXFileReference; lastKnownFileType = image.jpeg; path = "icon180 copy 2.jpg"; sourceTree = "<group>"; };
		210EC13323A224400031045D /* icon1024 copy 3.jpg */ = {isa = PBXFileReference; lastKnownFileType = image.jpeg; path = "icon1024 copy 3.jpg"; sourceTree = "<group>"; };
		210EC13423A224400031045D /* icon20 copy 2.jpg */ = {isa = PBXFileReference; lastKnownFileType = image.jpeg; path = "icon20 copy 2.jpg"; sourceTree = "<group>"; };
		210EC13523A224400031045D /* icon87 copy 3.jpg */ = {isa = PBXFileReference; lastKnownFileType = image.jpeg; path = "icon87 copy 3.jpg"; sourceTree = "<group>"; };
		210EC13623A224400031045D /* icon20 copy 3.jpg */ = {isa = PBXFileReference; lastKnownFileType = image.jpeg; path = "icon20 copy 3.jpg"; sourceTree = "<group>"; };
		210EC13723A224400031045D /* icon180 copy 3.jpg */ = {isa = PBXFileReference; lastKnownFileType = image.jpeg; path = "icon180 copy 3.jpg"; sourceTree = "<group>"; };
		210EC13823A224410031045D /* icon80 copy 2.jpg */ = {isa = PBXFileReference; lastKnownFileType = image.jpeg; path = "icon80 copy 2.jpg"; sourceTree = "<group>"; };
		210EC13923A224410031045D /* icon152 copy 2.jpg */ = {isa = PBXFileReference; lastKnownFileType = image.jpeg; path = "icon152 copy 2.jpg"; sourceTree = "<group>"; };
		210EC13A23A224410031045D /* icon167 copy 3.jpg */ = {isa = PBXFileReference; lastKnownFileType = image.jpeg; path = "icon167 copy 3.jpg"; sourceTree = "<group>"; };
		210EC13B23A224410031045D /* icon80 copy 3.jpg */ = {isa = PBXFileReference; lastKnownFileType = image.jpeg; path = "icon80 copy 3.jpg"; sourceTree = "<group>"; };
		210EC13C23A224410031045D /* icon40 copy 3.jpg */ = {isa = PBXFileReference; lastKnownFileType = image.jpeg; path = "icon40 copy 3.jpg"; sourceTree = "<group>"; };
		210EC13D23A224410031045D /* icon60 copy 3.jpg */ = {isa = PBXFileReference; lastKnownFileType = image.jpeg; path = "icon60 copy 3.jpg"; sourceTree = "<group>"; };
		210EC13E23A224410031045D /* icon76 copy 2.jpg */ = {isa = PBXFileReference; lastKnownFileType = image.jpeg; path = "icon76 copy 2.jpg"; sourceTree = "<group>"; };
		210EC13F23A224410031045D /* icon29 copy 2.jpg */ = {isa = PBXFileReference; lastKnownFileType = image.jpeg; path = "icon29 copy 2.jpg"; sourceTree = "<group>"; };
		210EC14023A224410031045D /* icon29 copy 3.jpg */ = {isa = PBXFileReference; lastKnownFileType = image.jpeg; path = "icon29 copy 3.jpg"; sourceTree = "<group>"; };
		210EC14123A224410031045D /* icon152 copy 3.jpg */ = {isa = PBXFileReference; lastKnownFileType = image.jpeg; path = "icon152 copy 3.jpg"; sourceTree = "<group>"; };
		210EC14223A224410031045D /* icon76 copy 3.jpg */ = {isa = PBXFileReference; lastKnownFileType = image.jpeg; path = "icon76 copy 3.jpg"; sourceTree = "<group>"; };
		52375E85239C69F40083EAB9 /* iOS_app_project.app */ = {isa = PBXFileReference; explicitFileType = wrapper.application; includeInIndex = 0; path = iOS_app_project.app; sourceTree = BUILT_PRODUCTS_DIR; };
		52375E88239C69F40083EAB9 /* AppDelegate.swift */ = {isa = PBXFileReference; lastKnownFileType = sourcecode.swift; path = AppDelegate.swift; sourceTree = "<group>"; };
		52375E8A239C69F40083EAB9 /* SceneDelegate.swift */ = {isa = PBXFileReference; lastKnownFileType = sourcecode.swift; path = SceneDelegate.swift; sourceTree = "<group>"; };
		52375E8C239C69F40083EAB9 /* ViewController.swift */ = {isa = PBXFileReference; lastKnownFileType = sourcecode.swift; path = ViewController.swift; sourceTree = "<group>"; };
		52375E8F239C69F40083EAB9 /* Base */ = {isa = PBXFileReference; lastKnownFileType = file.storyboard; name = Base; path = Base.lproj/Main.storyboard; sourceTree = "<group>"; };
		52375E92239C69F40083EAB9 /* iOS_app_project.xcdatamodel */ = {isa = PBXFileReference; lastKnownFileType = wrapper.xcdatamodel; path = iOS_app_project.xcdatamodel; sourceTree = "<group>"; };
		52375E94239C6A060083EAB9 /* Assets.xcassets */ = {isa = PBXFileReference; lastKnownFileType = folder.assetcatalog; path = Assets.xcassets; sourceTree = "<group>"; };
		52375E97239C6A060083EAB9 /* Base */ = {isa = PBXFileReference; lastKnownFileType = file.storyboard; name = Base; path = Base.lproj/LaunchScreen.storyboard; sourceTree = "<group>"; };
		52375E99239C6A060083EAB9 /* Info.plist */ = {isa = PBXFileReference; lastKnownFileType = text.plist.xml; path = Info.plist; sourceTree = "<group>"; };
/* End PBXFileReference section */

/* Begin PBXFrameworksBuildPhase section */
		52375E82239C69F40083EAB9 /* Frameworks */ = {
			isa = PBXFrameworksBuildPhase;
			buildActionMask = 2147483647;
			files = (
			);
			runOnlyForDeploymentPostprocessing = 0;
		};
/* End PBXFrameworksBuildPhase section */

/* Begin PBXGroup section */
		210EC12823A224220031045D /* Icons */ = {
			isa = PBXGroup;
			children = (
				210EC14223A224410031045D /* icon76 copy 3.jpg */,
				210EC14123A224410031045D /* icon152 copy 3.jpg */,
				210EC14023A224410031045D /* icon29 copy 3.jpg */,
				210EC13F23A224410031045D /* icon29 copy 2.jpg */,
				210EC13E23A224410031045D /* icon76 copy 2.jpg */,
				210EC13D23A224410031045D /* icon60 copy 3.jpg */,
				210EC13C23A224410031045D /* icon40 copy 3.jpg */,
				210EC13B23A224410031045D /* icon80 copy 3.jpg */,
				210EC13A23A224410031045D /* icon167 copy 3.jpg */,
				210EC13923A224410031045D /* icon152 copy 2.jpg */,
				210EC13823A224410031045D /* icon80 copy 2.jpg */,
				210EC13723A224400031045D /* icon180 copy 3.jpg */,
				210EC13623A224400031045D /* icon20 copy 3.jpg */,
				210EC13523A224400031045D /* icon87 copy 3.jpg */,
				210EC13423A224400031045D /* icon20 copy 2.jpg */,
				210EC13323A224400031045D /* icon1024 copy 3.jpg */,
				210EC13223A224400031045D /* icon180 copy 2.jpg */,
				210EC13123A224400031045D /* icon40 copy 2.jpg */,
				210EC13023A224400031045D /* icon60 copy 2.jpg */,
				210EC12F23A224400031045D /* icon167 copy 2.jpg */,
				210EC12E23A224400031045D /* icon58 copy 3.jpg */,
				210EC12D23A224400031045D /* icon120 copy 3.jpg */,
				210EC12C23A224400031045D /* icon87 copy 2.jpg */,
				210EC12B23A224400031045D /* icon1024 copy 2.jpg */,
				210EC12A23A224400031045D /* icon120 copy 2.jpg */,
				210EC12923A224400031045D /* icon58 copy 2.jpg */,
			);
			name = Icons;
			path = "../../../Desktop/Разработка/Дизайн/Icons";
			sourceTree = "<group>";
		};
		52375E7C239C69F40083EAB9 = {
			isa = PBXGroup;
			children = (
				52375E87239C69F40083EAB9 /* iOS_app_project */,
				52375E86239C69F40083EAB9 /* Products */,
			);
			sourceTree = "<group>";
		};
		52375E86239C69F40083EAB9 /* Products */ = {
			isa = PBXGroup;
			children = (
				52375E85239C69F40083EAB9 /* iOS_app_project.app */,
			);
			name = Products;
			sourceTree = "<group>";
		};
		52375E87239C69F40083EAB9 /* iOS_app_project */ = {
			isa = PBXGroup;
			children = (
				210EC12823A224220031045D /* Icons */,
				52375E88239C69F40083EAB9 /* AppDelegate.swift */,
				52375E8A239C69F40083EAB9 /* SceneDelegate.swift */,
				52375E8C239C69F40083EAB9 /* ViewController.swift */,
				52375E8E239C69F40083EAB9 /* Main.storyboard */,
				52375E94239C6A060083EAB9 /* Assets.xcassets */,
				52375E96239C6A060083EAB9 /* LaunchScreen.storyboard */,
				52375E99239C6A060083EAB9 /* Info.plist */,
				52375E91239C69F40083EAB9 /* iOS_app_project.xcdatamodeld */,
			);
			path = iOS_app_project;
			sourceTree = "<group>";
		};
/* End PBXGroup section */

/* Begin PBXNativeTarget section */
		52375E84239C69F40083EAB9 /* iOS_app_project */ = {
			isa = PBXNativeTarget;
			buildConfigurationList = 52375E9C239C6A060083EAB9 /* Build configuration list for PBXNativeTarget "iOS_app_project" */;
			buildPhases = (
				52375E81239C69F40083EAB9 /* Sources */,
				52375E82239C69F40083EAB9 /* Frameworks */,
				52375E83239C69F40083EAB9 /* Resources */,
			);
			buildRules = (
			);
			dependencies = (
			);
			name = iOS_app_project;
			productName = iOS_app_project;
			productReference = 52375E85239C69F40083EAB9 /* iOS_app_project.app */;
			productType = "com.apple.product-type.application";
		};
/* End PBXNativeTarget section */

/* Begin PBXProject section */
		52375E7D239C69F40083EAB9 /* Project object */ = {
			isa = PBXProject;
			attributes = {
				LastSwiftUpdateCheck = 1120;
				LastUpgradeCheck = 1120;
				ORGANIZATIONNAME = "Игорь Кузнецов";
				TargetAttributes = {
					52375E84239C69F40083EAB9 = {
						CreatedOnToolsVersion = 11.2.1;
					};
				};
			};
			buildConfigurationList = 52375E80239C69F40083EAB9 /* Build configuration list for PBXProject "iOS_app_project" */;
			compatibilityVersion = "Xcode 9.3";
			developmentRegion = en;
			hasScannedForEncodings = 0;
			knownRegions = (
				en,
				Base,
			);
			mainGroup = 52375E7C239C69F40083EAB9;
			productRefGroup = 52375E86239C69F40083EAB9 /* Products */;
			projectDirPath = "";
			projectRoot = "";
			targets = (
				52375E84239C69F40083EAB9 /* iOS_app_project */,
			);
		};
/* End PBXProject section */

/* Begin PBXResourcesBuildPhase section */
		52375E83239C69F40083EAB9 /* Resources */ = {
			isa = PBXResourcesBuildPhase;
			buildActionMask = 2147483647;
			files = (
				52375E98239C6A060083EAB9 /* LaunchScreen.storyboard in Resources */,
				210EC14623A224410031045D /* icon87 copy 2.jpg in Resources */,
				210EC15823A224410031045D /* icon76 copy 2.jpg in Resources */,
				210EC14D23A224410031045D /* icon1024 copy 3.jpg in Resources */,
				210EC14C23A224410031045D /* icon180 copy 2.jpg in Resources */,
				52375E95239C6A060083EAB9 /* Assets.xcassets in Resources */,
				210EC14723A224410031045D /* icon120 copy 3.jpg in Resources */,
				210EC14F23A224410031045D /* icon87 copy 3.jpg in Resources */,
				210EC15B23A224410031045D /* icon152 copy 3.jpg in Resources */,
				210EC15323A224410031045D /* icon152 copy 2.jpg in Resources */,
				210EC15123A224410031045D /* icon180 copy 3.jpg in Resources */,
				210EC15A23A224410031045D /* icon29 copy 3.jpg in Resources */,
				210EC15523A224410031045D /* icon80 copy 3.jpg in Resources */,
				52375E90239C69F40083EAB9 /* Main.storyboard in Resources */,
				210EC14923A224410031045D /* icon167 copy 2.jpg in Resources */,
				210EC14B23A224410031045D /* icon40 copy 2.jpg in Resources */,
				210EC15723A224410031045D /* icon60 copy 3.jpg in Resources */,
				210EC14E23A224410031045D /* icon20 copy 2.jpg in Resources */,
				210EC14523A224410031045D /* icon1024 copy 2.jpg in Resources */,
				210EC14323A224410031045D /* icon58 copy 2.jpg in Resources */,
				210EC14A23A224410031045D /* icon60 copy 2.jpg in Resources */,
				210EC15923A224410031045D /* icon29 copy 2.jpg in Resources */,
				210EC15023A224410031045D /* icon20 copy 3.jpg in Resources */,
				210EC15C23A224410031045D /* icon76 copy 3.jpg in Resources */,
				210EC14823A224410031045D /* icon58 copy 3.jpg in Resources */,
				210EC15223A224410031045D /* icon80 copy 2.jpg in Resources */,
				210EC15423A224410031045D /* icon167 copy 3.jpg in Resources */,
				210EC14423A224410031045D /* icon120 copy 2.jpg in Resources */,
				210EC15623A224410031045D /* icon40 copy 3.jpg in Resources */,
			);
			runOnlyForDeploymentPostprocessing = 0;
		};
/* End PBXResourcesBuildPhase section */

/* Begin PBXSourcesBuildPhase section */
		52375E81239C69F40083EAB9 /* Sources */ = {
			isa = PBXSourcesBuildPhase;
			buildActionMask = 2147483647;
			files = (
				52375E8D239C69F40083EAB9 /* ViewController.swift in Sources */,
				52375E93239C69F40083EAB9 /* iOS_app_project.xcdatamodeld in Sources */,
				52375E89239C69F40083EAB9 /* AppDelegate.swift in Sources */,
				52375E8B239C69F40083EAB9 /* SceneDelegate.swift in Sources */,
			);
			runOnlyForDeploymentPostprocessing = 0;
		};
/* End PBXSourcesBuildPhase section */

/* Begin PBXVariantGroup section */
		52375E8E239C69F40083EAB9 /* Main.storyboard */ = {
			isa = PBXVariantGroup;
			children = (
				52375E8F239C69F40083EAB9 /* Base */,
			);
			name = Main.storyboard;
			sourceTree = "<group>";
		};
		52375E96239C6A060083EAB9 /* LaunchScreen.storyboard */ = {
			isa = PBXVariantGroup;
			children = (
				52375E97239C6A060083EAB9 /* Base */,
			);
			name = LaunchScreen.storyboard;
			sourceTree = "<group>";
		};
/* End PBXVariantGroup section */

/* Begin XCBuildConfiguration section */
		52375E9A239C6A060083EAB9 /* Debug */ = {
			isa = XCBuildConfiguration;
			buildSettings = {
				ALWAYS_SEARCH_USER_PATHS = NO;
				CLANG_ANALYZER_NONNULL = YES;
				CLANG_ANALYZER_NUMBER_OBJECT_CONVERSION = YES_AGGRESSIVE;
				CLANG_CXX_LANGUAGE_STANDARD = "gnu++14";
				CLANG_CXX_LIBRARY = "libc++";
				CLANG_ENABLE_MODULES = YES;
				CLANG_ENABLE_OBJC_ARC = YES;
				CLANG_ENABLE_OBJC_WEAK = YES;
				CLANG_WARN_BLOCK_CAPTURE_AUTORELEASING = YES;
				CLANG_WARN_BOOL_CONVERSION = YES;
				CLANG_WARN_COMMA = YES;
				CLANG_WARN_CONSTANT_CONVERSION = YES;
				CLANG_WARN_DEPRECATED_OBJC_IMPLEMENTATIONS = YES;
				CLANG_WARN_DIRECT_OBJC_ISA_USAGE = YES_ERROR;
				CLANG_WARN_DOCUMENTATION_COMMENTS = YES;
				CLANG_WARN_EMPTY_BODY = YES;
				CLANG_WARN_ENUM_CONVERSION = YES;
				CLANG_WARN_INFINITE_RECURSION = YES;
				CLANG_WARN_INT_CONVERSION = YES;
				CLANG_WARN_NON_LITERAL_NULL_CONVERSION = YES;
				CLANG_WARN_OBJC_IMPLICIT_RETAIN_SELF = YES;
				CLANG_WARN_OBJC_LITERAL_CONVERSION = YES;
				CLANG_WARN_OBJC_ROOT_CLASS = YES_ERROR;
				CLANG_WARN_RANGE_LOOP_ANALYSIS = YES;
				CLANG_WARN_STRICT_PROTOTYPES = YES;
				CLANG_WARN_SUSPICIOUS_MOVE = YES;
				CLANG_WARN_UNGUARDED_AVAILABILITY = YES_AGGRESSIVE;
				CLANG_WARN_UNREACHABLE_CODE = YES;
				CLANG_WARN__DUPLICATE_METHOD_MATCH = YES;
				COPY_PHASE_STRIP = NO;
				DEBUG_INFORMATION_FORMAT = dwarf;
				ENABLE_STRICT_OBJC_MSGSEND = YES;
				ENABLE_TESTABILITY = YES;
				GCC_C_LANGUAGE_STANDARD = gnu11;
				GCC_DYNAMIC_NO_PIC = NO;
				GCC_NO_COMMON_BLOCKS = YES;
				GCC_OPTIMIZATION_LEVEL = 0;
				GCC_PREPROCESSOR_DEFINITIONS = (
					"DEBUG=1",
					"$(inherited)",
				);
				GCC_WARN_64_TO_32_BIT_CONVERSION = YES;
				GCC_WARN_ABOUT_RETURN_TYPE = YES_ERROR;
				GCC_WARN_UNDECLARED_SELECTOR = YES;
				GCC_WARN_UNINITIALIZED_AUTOS = YES_AGGRESSIVE;
				GCC_WARN_UNUSED_FUNCTION = YES;
				GCC_WARN_UNUSED_VARIABLE = YES;
				IPHONEOS_DEPLOYMENT_TARGET = 13.2;
				MTL_ENABLE_DEBUG_INFO = INCLUDE_SOURCE;
				MTL_FAST_MATH = YES;
				ONLY_ACTIVE_ARCH = YES;
				SDKROOT = iphoneos;
				SWIFT_ACTIVE_COMPILATION_CONDITIONS = DEBUG;
				SWIFT_OPTIMIZATION_LEVEL = "-Onone";
			};
			name = Debug;
		};
		52375E9B239C6A060083EAB9 /* Release */ = {
			isa = XCBuildConfiguration;
			buildSettings = {
				ALWAYS_SEARCH_USER_PATHS = NO;
				CLANG_ANALYZER_NONNULL = YES;
				CLANG_ANALYZER_NUMBER_OBJECT_CONVERSION = YES_AGGRESSIVE;
				CLANG_CXX_LANGUAGE_STANDARD = "gnu++14";
				CLANG_CXX_LIBRARY = "libc++";
				CLANG_ENABLE_MODULES = YES;
				CLANG_ENABLE_OBJC_ARC = YES;
				CLANG_ENABLE_OBJC_WEAK = YES;
				CLANG_WARN_BLOCK_CAPTURE_AUTORELEASING = YES;
				CLANG_WARN_BOOL_CONVERSION = YES;
				CLANG_WARN_COMMA = YES;
				CLANG_WARN_CONSTANT_CONVERSION = YES;
				CLANG_WARN_DEPRECATED_OBJC_IMPLEMENTATIONS = YES;
				CLANG_WARN_DIRECT_OBJC_ISA_USAGE = YES_ERROR;
				CLANG_WARN_DOCUMENTATION_COMMENTS = YES;
				CLANG_WARN_EMPTY_BODY = YES;
				CLANG_WARN_ENUM_CONVERSION = YES;
				CLANG_WARN_INFINITE_RECURSION = YES;
				CLANG_WARN_INT_CONVERSION = YES;
				CLANG_WARN_NON_LITERAL_NULL_CONVERSION = YES;
				CLANG_WARN_OBJC_IMPLICIT_RETAIN_SELF = YES;
				CLANG_WARN_OBJC_LITERAL_CONVERSION = YES;
				CLANG_WARN_OBJC_ROOT_CLASS = YES_ERROR;
				CLANG_WARN_RANGE_LOOP_ANALYSIS = YES;
				CLANG_WARN_STRICT_PROTOTYPES = YES;
				CLANG_WARN_SUSPICIOUS_MOVE = YES;
				CLANG_WARN_UNGUARDED_AVAILABILITY = YES_AGGRESSIVE;
				CLANG_WARN_UNREACHABLE_CODE = YES;
				CLANG_WARN__DUPLICATE_METHOD_MATCH = YES;
				COPY_PHASE_STRIP = NO;
				DEBUG_INFORMATION_FORMAT = "dwarf-with-dsym";
				ENABLE_NS_ASSERTIONS = NO;
				ENABLE_STRICT_OBJC_MSGSEND = YES;
				GCC_C_LANGUAGE_STANDARD = gnu11;
				GCC_NO_COMMON_BLOCKS = YES;
				GCC_WARN_64_TO_32_BIT_CONVERSION = YES;
				GCC_WARN_ABOUT_RETURN_TYPE = YES_ERROR;
				GCC_WARN_UNDECLARED_SELECTOR = YES;
				GCC_WARN_UNINITIALIZED_AUTOS = YES_AGGRESSIVE;
				GCC_WARN_UNUSED_FUNCTION = YES;
				GCC_WARN_UNUSED_VARIABLE = YES;
				IPHONEOS_DEPLOYMENT_TARGET = 13.2;
				MTL_ENABLE_DEBUG_INFO = NO;
				MTL_FAST_MATH = YES;
				SDKROOT = iphoneos;
				SWIFT_COMPILATION_MODE = wholemodule;
				SWIFT_OPTIMIZATION_LEVEL = "-O";
				VALIDATE_PRODUCT = YES;
			};
			name = Release;
		};
		52375E9D239C6A060083EAB9 /* Debug */ = {
			isa = XCBuildConfiguration;
			buildSettings = {
				ASSETCATALOG_COMPILER_APPICON_NAME = AppIcon;
				CODE_SIGN_STYLE = Automatic;
				DEVELOPMENT_TEAM = H9G9M9M399;
				INFOPLIST_FILE = iOS_app_project/Info.plist;
				LD_RUNPATH_SEARCH_PATHS = (
					"$(inherited)",
					"@executable_path/Frameworks",
				);
				PRODUCT_BUNDLE_IDENTIFIER = "com.Igor.iOS-app-project";
				PRODUCT_NAME = "$(TARGET_NAME)";
				SWIFT_VERSION = 5.0;
				TARGETED_DEVICE_FAMILY = "1,2";
			};
			name = Debug;
		};
		52375E9E239C6A060083EAB9 /* Release */ = {
			isa = XCBuildConfiguration;
			buildSettings = {
				ASSETCATALOG_COMPILER_APPICON_NAME = AppIcon;
				CODE_SIGN_STYLE = Automatic;
				DEVELOPMENT_TEAM = H9G9M9M399;
				INFOPLIST_FILE = iOS_app_project/Info.plist;
				LD_RUNPATH_SEARCH_PATHS = (
					"$(inherited)",
					"@executable_path/Frameworks",
				);
				PRODUCT_BUNDLE_IDENTIFIER = "com.Igor.iOS-app-project";
				PRODUCT_NAME = "$(TARGET_NAME)";
				SWIFT_VERSION = 5.0;
				TARGETED_DEVICE_FAMILY = "1,2";
			};
			name = Release;
		};
/* End XCBuildConfiguration section */

/* Begin XCConfigurationList section */
		52375E80239C69F40083EAB9 /* Build configuration list for PBXProject "iOS_app_project" */ = {
			isa = XCConfigurationList;
			buildConfigurations = (
				52375E9A239C6A060083EAB9 /* Debug */,
				52375E9B239C6A060083EAB9 /* Release */,
			);
			defaultConfigurationIsVisible = 0;
			defaultConfigurationName = Release;
		};
		52375E9C239C6A060083EAB9 /* Build configuration list for PBXNativeTarget "iOS_app_project" */ = {
			isa = XCConfigurationList;
			buildConfigurations = (
				52375E9D239C6A060083EAB9 /* Debug */,
				52375E9E239C6A060083EAB9 /* Release */,
			);
			defaultConfigurationIsVisible = 0;
			defaultConfigurationName = Release;
		};
/* End XCConfigurationList section */

/* Begin XCVersionGroup section */
		52375E91239C69F40083EAB9 /* iOS_app_project.xcdatamodeld */ = {
			isa = XCVersionGroup;
			children = (
				52375E92239C69F40083EAB9 /* iOS_app_project.xcdatamodel */,
			);
			currentVersion = 52375E92239C69F40083EAB9 /* iOS_app_project.xcdatamodel */;
			path = iOS_app_project.xcdatamodeld;
			sourceTree = "<group>";
			versionGroupType = wrapper.xcdatamodel;
		};
/* End XCVersionGroup section */
	};
	rootObject = 52375E7D239C69F40083EAB9 /* Project object */;
}
