// !$*UTF8*$!
{
	archiveVersion = 1;
	classes = {
	};
	objectVersion = 50;
	objects = {

/* Begin PBXBuildFile section */
		210EC16523A22F850031045D /* Login Page View Controller.swift in Sources */ = {isa = PBXBuildFile; fileRef = 210EC16423A22F850031045D /* Login Page View Controller.swift */; };
		210EC1A123A2335C0031045D /* icon167.jpg in Resources */ = {isa = PBXBuildFile; fileRef = 210EC16D23A2335C0031045D /* icon167.jpg */; };
		210EC1A223A2335C0031045D /* icon29.jpg in Resources */ = {isa = PBXBuildFile; fileRef = 210EC16E23A2335C0031045D /* icon29.jpg */; };
		210EC1A423A2335C0031045D /* icon1024.jpg in Resources */ = {isa = PBXBuildFile; fileRef = 210EC17023A2335C0031045D /* icon1024.jpg */; };
		210EC1AB23A2335C0031045D /* icon60.jpg in Resources */ = {isa = PBXBuildFile; fileRef = 210EC17723A2335C0031045D /* icon60.jpg */; };
		210EC1AD23A2335C0031045D /* icon76.jpg in Resources */ = {isa = PBXBuildFile; fileRef = 210EC17923A2335C0031045D /* icon76.jpg */; };
		210EC1B423A2335C0031045D /* icon58.jpg in Resources */ = {isa = PBXBuildFile; fileRef = 210EC18023A2335C0031045D /* icon58.jpg */; };
		210EC1B623A2335C0031045D /* icon40.jpg in Resources */ = {isa = PBXBuildFile; fileRef = 210EC18223A2335C0031045D /* icon40.jpg */; };
		210EC1BB23A2335C0031045D /* icon80.jpg in Resources */ = {isa = PBXBuildFile; fileRef = 210EC18723A2335C0031045D /* icon80.jpg */; };
		210EC1C223A2335C0031045D /* icon87.jpg in Resources */ = {isa = PBXBuildFile; fileRef = 210EC18E23A2335C0031045D /* icon87.jpg */; };
		210EC1C323A2335C0031045D /* icon120.jpg in Resources */ = {isa = PBXBuildFile; fileRef = 210EC18F23A2335C0031045D /* icon120.jpg */; };
		210EC1C623A2335C0031045D /* icon152.jpg in Resources */ = {isa = PBXBuildFile; fileRef = 210EC19223A2335C0031045D /* icon152.jpg */; };
		210EC1C723A2335C0031045D /* icon20.jpg in Resources */ = {isa = PBXBuildFile; fileRef = 210EC19323A2335C0031045D /* icon20.jpg */; };
		210EC1CE23A2335C0031045D /* icon180.jpg in Resources */ = {isa = PBXBuildFile; fileRef = 210EC19A23A2335C0031045D /* icon180.jpg */; };
		210EC1D023A234F40031045D /* Лого.png in Resources */ = {isa = PBXBuildFile; fileRef = 210EC1CF23A234F40031045D /* Лого.png */; };
		2127CF33241FDD9000A5A1E0 /* accountphoto.png in Resources */ = {isa = PBXBuildFile; fileRef = 2127CF32241FDD8F00A5A1E0 /* accountphoto.png */; };
		2127CF37241FEAF400A5A1E0 /* logotext.png in Resources */ = {isa = PBXBuildFile; fileRef = 2127CF36241FEAF400A5A1E0 /* logotext.png */; };
		2127CF39241FEAF900A5A1E0 /* logotext2.png in Resources */ = {isa = PBXBuildFile; fileRef = 2127CF38241FEAF900A5A1E0 /* logotext2.png */; };
		21323BDF241DBAF60081D8A6 /* Лого2.png in Resources */ = {isa = PBXBuildFile; fileRef = 21323BDE241DBAF60081D8A6 /* Лого2.png */; };
		21323BE1241DD2DA0081D8A6 /* PostCell.swift in Sources */ = {isa = PBXBuildFile; fileRef = 21323BE0241DD2DA0081D8A6 /* PostCell.swift */; };
		21D880C5241583F700FBE60E /* MainPageViewController.swift in Sources */ = {isa = PBXBuildFile; fileRef = 21D880C4241583F700FBE60E /* MainPageViewController.swift */; };
		21D880C92415855900FBE60E /* MainPage.swift in Sources */ = {isa = PBXBuildFile; fileRef = 21D880C82415855900FBE60E /* MainPage.swift */; };
		21D880CB241585D600FBE60E /* MainPageCollectionViewCell.swift in Sources */ = {isa = PBXBuildFile; fileRef = 21D880CA241585D600FBE60E /* MainPageCollectionViewCell.swift */; };
		21D880CE241586F700FBE60E /* MainPageCollectionViewCell.xib in Resources */ = {isa = PBXBuildFile; fileRef = 21D880CD241586F600FBE60E /* MainPageCollectionViewCell.xib */; };
		21D880D02415885F00FBE60E /* MainPageProvider.swift in Sources */ = {isa = PBXBuildFile; fileRef = 21D880CF2415885F00FBE60E /* MainPageProvider.swift */; };
		21D880D52415894C00FBE60E /* DefaultGriddedContentCollectionViewDelegate.swift in Sources */ = {isa = PBXBuildFile; fileRef = 21D880D12415894C00FBE60E /* DefaultGriddedContentCollectionViewDelegate.swift */; };
		21D880D62415894C00FBE60E /* TabledContentCollectionViewDelegate.swift in Sources */ = {isa = PBXBuildFile; fileRef = 21D880D22415894C00FBE60E /* TabledContentCollectionViewDelegate.swift */; };
		21D880D72415894C00FBE60E /* DefaultCollectionViewDelegate.swift in Sources */ = {isa = PBXBuildFile; fileRef = 21D880D32415894C00FBE60E /* DefaultCollectionViewDelegate.swift */; };
		21D880D82415894C00FBE60E /* CustomGriddedContentCollectionViewDelegate.swift in Sources */ = {isa = PBXBuildFile; fileRef = 21D880D42415894C00FBE60E /* CustomGriddedContentCollectionViewDelegate.swift */; };
		52375E89239C69F40083EAB9 /* AppDelegate.swift in Sources */ = {isa = PBXBuildFile; fileRef = 52375E88239C69F40083EAB9 /* AppDelegate.swift */; };
		52375E8B239C69F40083EAB9 /* SceneDelegate.swift in Sources */ = {isa = PBXBuildFile; fileRef = 52375E8A239C69F40083EAB9 /* SceneDelegate.swift */; };
		52375E8D239C69F40083EAB9 /* ViewController.swift in Sources */ = {isa = PBXBuildFile; fileRef = 52375E8C239C69F40083EAB9 /* ViewController.swift */; };
		52375E90239C69F40083EAB9 /* Main.storyboard in Resources */ = {isa = PBXBuildFile; fileRef = 52375E8E239C69F40083EAB9 /* Main.storyboard */; };
		52375E93239C69F40083EAB9 /* iOS_app_project.xcdatamodeld in Sources */ = {isa = PBXBuildFile; fileRef = 52375E91239C69F40083EAB9 /* iOS_app_project.xcdatamodeld */; };
		52375E95239C6A060083EAB9 /* Assets.xcassets in Resources */ = {isa = PBXBuildFile; fileRef = 52375E94239C6A060083EAB9 /* Assets.xcassets */; };
		52375E98239C6A060083EAB9 /* LaunchScreen.storyboard in Resources */ = {isa = PBXBuildFile; fileRef = 52375E96239C6A060083EAB9 /* LaunchScreen.storyboard */; };
		9428FC4A241C512000C8DBB1 /* ProfileViewController.swift in Sources */ = {isa = PBXBuildFile; fileRef = 9428FC49241C512000C8DBB1 /* ProfileViewController.swift */; };
		944DA7012423766700D1F76F /* bro1.jpg in Resources */ = {isa = PBXBuildFile; fileRef = 944DA6CA2423765D00D1F76F /* bro1.jpg */; };
		944DA7022423766700D1F76F /* kras5.jpg in Resources */ = {isa = PBXBuildFile; fileRef = 944DA6CB2423765D00D1F76F /* kras5.jpg */; };
		944DA7032423766700D1F76F /* kras3.jpg in Resources */ = {isa = PBXBuildFile; fileRef = 944DA6CC2423765D00D1F76F /* kras3.jpg */; };
		944DA7042423766700D1F76F /* epil4.png in Resources */ = {isa = PBXBuildFile; fileRef = 944DA6CD2423765D00D1F76F /* epil4.png */; };
		944DA7052423766700D1F76F /* okr2.jpg in Resources */ = {isa = PBXBuildFile; fileRef = 944DA6CE2423765D00D1F76F /* okr2.jpg */; };
		944DA7062423766700D1F76F /* cosm3.jpg in Resources */ = {isa = PBXBuildFile; fileRef = 944DA6CF2423765E00D1F76F /* cosm3.jpg */; };
		944DA7072423766700D1F76F /* mak2.jpg in Resources */ = {isa = PBXBuildFile; fileRef = 944DA6D02423765E00D1F76F /* mak2.jpg */; };
		944DA7082423766700D1F76F /* epil3.jpg in Resources */ = {isa = PBXBuildFile; fileRef = 944DA6D12423765E00D1F76F /* epil3.jpg */; };
		944DA7092423766700D1F76F /* pirs5.jpg in Resources */ = {isa = PBXBuildFile; fileRef = 944DA6D22423765E00D1F76F /* pirs5.jpg */; };
		944DA70A2423766700D1F76F /* cosm2.jpg in Resources */ = {isa = PBXBuildFile; fileRef = 944DA6D32423765F00D1F76F /* cosm2.jpg */; };
		944DA70B2423766700D1F76F /* pedik5.jpg in Resources */ = {isa = PBXBuildFile; fileRef = 944DA6D42423765F00D1F76F /* pedik5.jpg */; };
		944DA70C2423766700D1F76F /* pirs4.jpg in Resources */ = {isa = PBXBuildFile; fileRef = 944DA6D52423765F00D1F76F /* pirs4.jpg */; };
		944DA70D2423766700D1F76F /* tatu5.jpg in Resources */ = {isa = PBXBuildFile; fileRef = 944DA6D62423765F00D1F76F /* tatu5.jpg */; };
		944DA70E2423766700D1F76F /* epil1.jpg in Resources */ = {isa = PBXBuildFile; fileRef = 944DA6D72423765F00D1F76F /* epil1.jpg */; };
		944DA70F2423766700D1F76F /* spa4.jpg in Resources */ = {isa = PBXBuildFile; fileRef = 944DA6D82423766000D1F76F /* spa4.jpg */; };
		944DA7102423766700D1F76F /* pedik1.jpg in Resources */ = {isa = PBXBuildFile; fileRef = 944DA6D92423766000D1F76F /* pedik1.jpg */; };
		944DA7112423766700D1F76F /* spa3.jpg in Resources */ = {isa = PBXBuildFile; fileRef = 944DA6DA2423766000D1F76F /* spa3.jpg */; };
		944DA7122423766700D1F76F /* bro3.jpg in Resources */ = {isa = PBXBuildFile; fileRef = 944DA6DB2423766000D1F76F /* bro3.jpg */; };
		944DA7132423766700D1F76F /* tatu1.jpg in Resources */ = {isa = PBXBuildFile; fileRef = 944DA6DC2423766000D1F76F /* tatu1.jpg */; };
		944DA7142423766700D1F76F /* pedik2.jpg in Resources */ = {isa = PBXBuildFile; fileRef = 944DA6DD2423766100D1F76F /* pedik2.jpg */; };
		944DA7152423766700D1F76F /* spa5.png in Resources */ = {isa = PBXBuildFile; fileRef = 944DA6DE2423766100D1F76F /* spa5.png */; };
		944DA7162423766700D1F76F /* epil2.jpg in Resources */ = {isa = PBXBuildFile; fileRef = 944DA6DF2423766100D1F76F /* epil2.jpg */; };
		944DA7172423766700D1F76F /* pirs3.jpg in Resources */ = {isa = PBXBuildFile; fileRef = 944DA6E02423766100D1F76F /* pirs3.jpg */; };
		944DA7182423766700D1F76F /* kras2.jpg in Resources */ = {isa = PBXBuildFile; fileRef = 944DA6E12423766100D1F76F /* kras2.jpg */; };
		944DA7192423766700D1F76F /* okr4.jpg in Resources */ = {isa = PBXBuildFile; fileRef = 944DA6E22423766100D1F76F /* okr4.jpg */; };
		944DA71A2423766700D1F76F /* okr1.jpg in Resources */ = {isa = PBXBuildFile; fileRef = 944DA6E32423766200D1F76F /* okr1.jpg */; };
		944DA71B2423766700D1F76F /* cosm1.jpg in Resources */ = {isa = PBXBuildFile; fileRef = 944DA6E42423766200D1F76F /* cosm1.jpg */; };
		944DA71C2423766700D1F76F /* pedik3.jpg in Resources */ = {isa = PBXBuildFile; fileRef = 944DA6E52423766200D1F76F /* pedik3.jpg */; };
		944DA71D2423766700D1F76F /* epil5.jpg in Resources */ = {isa = PBXBuildFile; fileRef = 944DA6E62423766200D1F76F /* epil5.jpg */; };
		944DA71E2423766700D1F76F /* bro5.png in Resources */ = {isa = PBXBuildFile; fileRef = 944DA6E72423766200D1F76F /* bro5.png */; };
		944DA71F2423766700D1F76F /* mak4.jpg in Resources */ = {isa = PBXBuildFile; fileRef = 944DA6E82423766300D1F76F /* mak4.jpg */; };
		944DA7202423766700D1F76F /* pedik4.jpg in Resources */ = {isa = PBXBuildFile; fileRef = 944DA6E92423766300D1F76F /* pedik4.jpg */; };
		944DA7212423766700D1F76F /* cosm5.jpg in Resources */ = {isa = PBXBuildFile; fileRef = 944DA6EA2423766300D1F76F /* cosm5.jpg */; };
		944DA7222423766700D1F76F /* okr5.jpg in Resources */ = {isa = PBXBuildFile; fileRef = 944DA6EB2423766300D1F76F /* okr5.jpg */; };
		944DA7232423766700D1F76F /* bro4.jpg in Resources */ = {isa = PBXBuildFile; fileRef = 944DA6EC2423766300D1F76F /* bro4.jpg */; };
		944DA7242423766700D1F76F /* spa2.jpg in Resources */ = {isa = PBXBuildFile; fileRef = 944DA6ED2423766400D1F76F /* spa2.jpg */; };
		944DA7252423766700D1F76F /* nails5.jpg in Resources */ = {isa = PBXBuildFile; fileRef = 944DA6EE2423766400D1F76F /* nails5.jpg */; };
		944DA7262423766700D1F76F /* mak1.jpg in Resources */ = {isa = PBXBuildFile; fileRef = 944DA6EF2423766400D1F76F /* mak1.jpg */; };
		944DA7272423766700D1F76F /* nails1.jpg in Resources */ = {isa = PBXBuildFile; fileRef = 944DA6F02423766400D1F76F /* nails1.jpg */; };
		944DA7282423766700D1F76F /* mak5.jpg in Resources */ = {isa = PBXBuildFile; fileRef = 944DA6F12423766400D1F76F /* mak5.jpg */; };
		944DA7292423766700D1F76F /* nails3.jpg in Resources */ = {isa = PBXBuildFile; fileRef = 944DA6F22423766500D1F76F /* nails3.jpg */; };
		944DA72A2423766700D1F76F /* tatu4.jpg in Resources */ = {isa = PBXBuildFile; fileRef = 944DA6F32423766500D1F76F /* tatu4.jpg */; };
		944DA72B2423766700D1F76F /* cosm4.png in Resources */ = {isa = PBXBuildFile; fileRef = 944DA6F42423766500D1F76F /* cosm4.png */; };
		944DA72C2423766700D1F76F /* spa1.jpg in Resources */ = {isa = PBXBuildFile; fileRef = 944DA6F52423766500D1F76F /* spa1.jpg */; };
		944DA72D2423766700D1F76F /* mak3.jpg in Resources */ = {isa = PBXBuildFile; fileRef = 944DA6F62423766500D1F76F /* mak3.jpg */; };
		944DA72E2423766700D1F76F /* nails2.jpg in Resources */ = {isa = PBXBuildFile; fileRef = 944DA6F72423766500D1F76F /* nails2.jpg */; };
		944DA72F2423766700D1F76F /* okr3.jpg in Resources */ = {isa = PBXBuildFile; fileRef = 944DA6F82423766600D1F76F /* okr3.jpg */; };
		944DA7302423766700D1F76F /* tatu3.jpg in Resources */ = {isa = PBXBuildFile; fileRef = 944DA6F92423766600D1F76F /* tatu3.jpg */; };
		944DA7312423766700D1F76F /* nails4.jpg in Resources */ = {isa = PBXBuildFile; fileRef = 944DA6FA2423766600D1F76F /* nails4.jpg */; };
		944DA7322423766700D1F76F /* bro2.jpg in Resources */ = {isa = PBXBuildFile; fileRef = 944DA6FB2423766600D1F76F /* bro2.jpg */; };
		944DA7332423766700D1F76F /* kras4.jpg in Resources */ = {isa = PBXBuildFile; fileRef = 944DA6FC2423766600D1F76F /* kras4.jpg */; };
		944DA7342423766700D1F76F /* kras1.jpg in Resources */ = {isa = PBXBuildFile; fileRef = 944DA6FD2423766700D1F76F /* kras1.jpg */; };
		944DA7352423766700D1F76F /* pirs1.jpg in Resources */ = {isa = PBXBuildFile; fileRef = 944DA6FE2423766700D1F76F /* pirs1.jpg */; };
		944DA7362423766700D1F76F /* pirs2.jpg in Resources */ = {isa = PBXBuildFile; fileRef = 944DA6FF2423766700D1F76F /* pirs2.jpg */; };
		944DA7372423766700D1F76F /* tatu2.jpg in Resources */ = {isa = PBXBuildFile; fileRef = 944DA7002423766700D1F76F /* tatu2.jpg */; };
		9460C309242388FA00F7D175 /* filter.png in Resources */ = {isa = PBXBuildFile; fileRef = 9460C308242388FA00F7D175 /* filter.png */; };
		9460C30B24239EC300F7D175 /* FormViewController.swift in Sources */ = {isa = PBXBuildFile; fileRef = 9460C30A24239EC300F7D175 /* FormViewController.swift */; };
		946BC4AB241684FD00FBCFA1 /* NewRegPageViewController.swift in Sources */ = {isa = PBXBuildFile; fileRef = 946BC4AA241684FD00FBCFA1 /* NewRegPageViewController.swift */; };
		94964B32242133D700C40716 /* FilterViewController.swift in Sources */ = {isa = PBXBuildFile; fileRef = 94964B31242133D700C40716 /* FilterViewController.swift */; };
		94964B342421344200C40716 /* filters.json in Resources */ = {isa = PBXBuildFile; fileRef = 94964B332421344200C40716 /* filters.json */; };
		94964B362421416F00C40716 /* Filter.swift in Sources */ = {isa = PBXBuildFile; fileRef = 94964B352421416F00C40716 /* Filter.swift */; };
		94964B462421455F00C40716 /* Пирсинг.png in Resources */ = {isa = PBXBuildFile; fileRef = 94964B392421455D00C40716 /* Пирсинг.png */; };
		94964B472421455F00C40716 /* Эпиляция.png in Resources */ = {isa = PBXBuildFile; fileRef = 94964B3A2421455D00C40716 /* Эпиляция.png */; };
		94964B482421455F00C40716 /* Классическое окрашивание.png in Resources */ = {isa = PBXBuildFile; fileRef = 94964B3B2421455D00C40716 /* Классическое окрашивание.png */; };
		94964B492421455F00C40716 /* Солярий.png in Resources */ = {isa = PBXBuildFile; fileRef = 94964B3C2421455D00C40716 /* Солярий.png */; };
		94964B4A2421455F00C40716 /* Ресницы.png in Resources */ = {isa = PBXBuildFile; fileRef = 94964B3D2421455E00C40716 /* Ресницы.png */; };
		94964B4B2421455F00C40716 /* Креативное окрашивание.png in Resources */ = {isa = PBXBuildFile; fileRef = 94964B3E2421455E00C40716 /* Креативное окрашивание.png */; };
		94964B4C2421455F00C40716 /* Тату.png in Resources */ = {isa = PBXBuildFile; fileRef = 94964B3F2421455E00C40716 /* Тату.png */; };
		94964B4D2421455F00C40716 /* Макияж.png in Resources */ = {isa = PBXBuildFile; fileRef = 94964B402421455E00C40716 /* Макияж.png */; };
		94964B4E2421455F00C40716 /* Косметология.png in Resources */ = {isa = PBXBuildFile; fileRef = 94964B412421455E00C40716 /* Косметология.png */; };
		94964B4F2421455F00C40716 /* Маникюр.png in Resources */ = {isa = PBXBuildFile; fileRef = 94964B422421455E00C40716 /* Маникюр.png */; };
		94964B502421455F00C40716 /* Педикюр.png in Resources */ = {isa = PBXBuildFile; fileRef = 94964B432421455F00C40716 /* Педикюр.png */; };
		94964B512421455F00C40716 /* Брови.png in Resources */ = {isa = PBXBuildFile; fileRef = 94964B442421455F00C40716 /* Брови.png */; };
		94964B522421455F00C40716 /* Спа.png in Resources */ = {isa = PBXBuildFile; fileRef = 94964B452421455F00C40716 /* Спа.png */; };
		94E1CF1B241D8481002DD769 /* EditingProfileViewController.swift in Sources */ = {isa = PBXBuildFile; fileRef = 94E1CF1A241D8481002DD769 /* EditingProfileViewController.swift */; };
		94E1CF1D241D87F5002DD769 /* signedInUser.swift in Sources */ = {isa = PBXBuildFile; fileRef = 94E1CF1C241D87F5002DD769 /* signedInUser.swift */; };
		94E44301241F9BD800086B09 /* appPost.swift in Sources */ = {isa = PBXBuildFile; fileRef = 94E44300241F9BD800086B09 /* appPost.swift */; };
		94E44303241FAD0600086B09 /* posts.json in Resources */ = {isa = PBXBuildFile; fileRef = 94E44302241FAD0600086B09 /* posts.json */; };
		94E44305241FAF9700086B09 /* InfoPageViewController.swift in Sources */ = {isa = PBXBuildFile; fileRef = 94E44304241FAF9700086B09 /* InfoPageViewController.swift */; };
		ACBA0965241A615E0058DE2B /* SearchTabViewController.swift in Sources */ = {isa = PBXBuildFile; fileRef = ACBA0963241A615E0058DE2B /* SearchTabViewController.swift */; };
/* End PBXBuildFile section */

/* Begin PBXFileReference section */
		210EC16423A22F850031045D /* Login Page View Controller.swift */ = {isa = PBXFileReference; lastKnownFileType = sourcecode.swift; path = "Login Page View Controller.swift"; sourceTree = "<group>"; };
		210EC16D23A2335C0031045D /* icon167.jpg */ = {isa = PBXFileReference; lastKnownFileType = image.jpeg; path = icon167.jpg; sourceTree = "<group>"; };
		210EC16E23A2335C0031045D /* icon29.jpg */ = {isa = PBXFileReference; lastKnownFileType = image.jpeg; path = icon29.jpg; sourceTree = "<group>"; };
		210EC17023A2335C0031045D /* icon1024.jpg */ = {isa = PBXFileReference; lastKnownFileType = image.jpeg; path = icon1024.jpg; sourceTree = "<group>"; };
		210EC17723A2335C0031045D /* icon60.jpg */ = {isa = PBXFileReference; lastKnownFileType = image.jpeg; path = icon60.jpg; sourceTree = "<group>"; };
		210EC17923A2335C0031045D /* icon76.jpg */ = {isa = PBXFileReference; lastKnownFileType = image.jpeg; path = icon76.jpg; sourceTree = "<group>"; };
		210EC18023A2335C0031045D /* icon58.jpg */ = {isa = PBXFileReference; lastKnownFileType = image.jpeg; path = icon58.jpg; sourceTree = "<group>"; };
		210EC18223A2335C0031045D /* icon40.jpg */ = {isa = PBXFileReference; lastKnownFileType = image.jpeg; path = icon40.jpg; sourceTree = "<group>"; };
		210EC18723A2335C0031045D /* icon80.jpg */ = {isa = PBXFileReference; lastKnownFileType = image.jpeg; path = icon80.jpg; sourceTree = "<group>"; };
		210EC18E23A2335C0031045D /* icon87.jpg */ = {isa = PBXFileReference; lastKnownFileType = image.jpeg; path = icon87.jpg; sourceTree = "<group>"; };
		210EC18F23A2335C0031045D /* icon120.jpg */ = {isa = PBXFileReference; lastKnownFileType = image.jpeg; path = icon120.jpg; sourceTree = "<group>"; };
		210EC19223A2335C0031045D /* icon152.jpg */ = {isa = PBXFileReference; lastKnownFileType = image.jpeg; path = icon152.jpg; sourceTree = "<group>"; };
		210EC19323A2335C0031045D /* icon20.jpg */ = {isa = PBXFileReference; lastKnownFileType = image.jpeg; path = icon20.jpg; sourceTree = "<group>"; };
		210EC19A23A2335C0031045D /* icon180.jpg */ = {isa = PBXFileReference; lastKnownFileType = image.jpeg; path = icon180.jpg; sourceTree = "<group>"; };
		210EC1CF23A234F40031045D /* Лого.png */ = {isa = PBXFileReference; lastKnownFileType = image.png; path = "Лого.png"; sourceTree = "<group>"; };
		2127CF32241FDD8F00A5A1E0 /* accountphoto.png */ = {isa = PBXFileReference; lastKnownFileType = image.png; path = accountphoto.png; sourceTree = "<group>"; };
		2127CF36241FEAF400A5A1E0 /* logotext.png */ = {isa = PBXFileReference; lastKnownFileType = image.png; path = logotext.png; sourceTree = "<group>"; };
		2127CF38241FEAF900A5A1E0 /* logotext2.png */ = {isa = PBXFileReference; lastKnownFileType = image.png; path = logotext2.png; sourceTree = "<group>"; };
		21323BDE241DBAF60081D8A6 /* Лого2.png */ = {isa = PBXFileReference; lastKnownFileType = image.png; path = "Лого2.png"; sourceTree = "<group>"; };
		21323BE0241DD2DA0081D8A6 /* PostCell.swift */ = {isa = PBXFileReference; lastKnownFileType = sourcecode.swift; path = PostCell.swift; sourceTree = "<group>"; };
		21D880C4241583F700FBE60E /* MainPageViewController.swift */ = {isa = PBXFileReference; lastKnownFileType = sourcecode.swift; path = MainPageViewController.swift; sourceTree = "<group>"; };
		21D880C82415855900FBE60E /* MainPage.swift */ = {isa = PBXFileReference; lastKnownFileType = sourcecode.swift; path = MainPage.swift; sourceTree = "<group>"; };
		21D880CA241585D600FBE60E /* MainPageCollectionViewCell.swift */ = {isa = PBXFileReference; lastKnownFileType = sourcecode.swift; path = MainPageCollectionViewCell.swift; sourceTree = "<group>"; };
		21D880CD241586F600FBE60E /* MainPageCollectionViewCell.xib */ = {isa = PBXFileReference; fileEncoding = 4; lastKnownFileType = file.xib; path = MainPageCollectionViewCell.xib; sourceTree = "<group>"; };
		21D880CF2415885F00FBE60E /* MainPageProvider.swift */ = {isa = PBXFileReference; fileEncoding = 4; lastKnownFileType = sourcecode.swift; path = MainPageProvider.swift; sourceTree = "<group>"; };
		21D880D12415894C00FBE60E /* DefaultGriddedContentCollectionViewDelegate.swift */ = {isa = PBXFileReference; fileEncoding = 4; lastKnownFileType = sourcecode.swift; path = DefaultGriddedContentCollectionViewDelegate.swift; sourceTree = "<group>"; };
		21D880D22415894C00FBE60E /* TabledContentCollectionViewDelegate.swift */ = {isa = PBXFileReference; fileEncoding = 4; lastKnownFileType = sourcecode.swift; path = TabledContentCollectionViewDelegate.swift; sourceTree = "<group>"; };
		21D880D32415894C00FBE60E /* DefaultCollectionViewDelegate.swift */ = {isa = PBXFileReference; fileEncoding = 4; lastKnownFileType = sourcecode.swift; path = DefaultCollectionViewDelegate.swift; sourceTree = "<group>"; };
		21D880D42415894C00FBE60E /* CustomGriddedContentCollectionViewDelegate.swift */ = {isa = PBXFileReference; fileEncoding = 4; lastKnownFileType = sourcecode.swift; path = CustomGriddedContentCollectionViewDelegate.swift; sourceTree = "<group>"; };
		52375E85239C69F40083EAB9 /* FreeModel.app */ = {isa = PBXFileReference; explicitFileType = wrapper.application; includeInIndex = 0; path = FreeModel.app; sourceTree = BUILT_PRODUCTS_DIR; };
		52375E88239C69F40083EAB9 /* AppDelegate.swift */ = {isa = PBXFileReference; lastKnownFileType = sourcecode.swift; path = AppDelegate.swift; sourceTree = "<group>"; };
		52375E8A239C69F40083EAB9 /* SceneDelegate.swift */ = {isa = PBXFileReference; lastKnownFileType = sourcecode.swift; path = SceneDelegate.swift; sourceTree = "<group>"; };
		52375E8C239C69F40083EAB9 /* ViewController.swift */ = {isa = PBXFileReference; lastKnownFileType = sourcecode.swift; path = ViewController.swift; sourceTree = "<group>"; };
		52375E8F239C69F40083EAB9 /* Base */ = {isa = PBXFileReference; lastKnownFileType = file.storyboard; name = Base; path = Base.lproj/Main.storyboard; sourceTree = "<group>"; };
		52375E92239C69F40083EAB9 /* iOS_app_project.xcdatamodel */ = {isa = PBXFileReference; lastKnownFileType = wrapper.xcdatamodel; path = iOS_app_project.xcdatamodel; sourceTree = "<group>"; };
		52375E94239C6A060083EAB9 /* Assets.xcassets */ = {isa = PBXFileReference; lastKnownFileType = folder.assetcatalog; path = Assets.xcassets; sourceTree = "<group>"; };
		52375E97239C6A060083EAB9 /* Base */ = {isa = PBXFileReference; lastKnownFileType = file.storyboard; name = Base; path = Base.lproj/LaunchScreen.storyboard; sourceTree = "<group>"; };
		52375E99239C6A060083EAB9 /* Info.plist */ = {isa = PBXFileReference; lastKnownFileType = text.plist.xml; path = Info.plist; sourceTree = "<group>"; };
		9428FC49241C512000C8DBB1 /* ProfileViewController.swift */ = {isa = PBXFileReference; lastKnownFileType = sourcecode.swift; path = ProfileViewController.swift; sourceTree = "<group>"; };
		944DA6CA2423765D00D1F76F /* bro1.jpg */ = {isa = PBXFileReference; lastKnownFileType = image.jpeg; path = bro1.jpg; sourceTree = "<group>"; };
		944DA6CB2423765D00D1F76F /* kras5.jpg */ = {isa = PBXFileReference; lastKnownFileType = image.jpeg; path = kras5.jpg; sourceTree = "<group>"; };
		944DA6CC2423765D00D1F76F /* kras3.jpg */ = {isa = PBXFileReference; lastKnownFileType = image.jpeg; path = kras3.jpg; sourceTree = "<group>"; };
		944DA6CD2423765D00D1F76F /* epil4.png */ = {isa = PBXFileReference; lastKnownFileType = image.png; path = epil4.png; sourceTree = "<group>"; };
		944DA6CE2423765D00D1F76F /* okr2.jpg */ = {isa = PBXFileReference; lastKnownFileType = image.jpeg; path = okr2.jpg; sourceTree = "<group>"; };
		944DA6CF2423765E00D1F76F /* cosm3.jpg */ = {isa = PBXFileReference; lastKnownFileType = image.jpeg; path = cosm3.jpg; sourceTree = "<group>"; };
		944DA6D02423765E00D1F76F /* mak2.jpg */ = {isa = PBXFileReference; lastKnownFileType = image.jpeg; path = mak2.jpg; sourceTree = "<group>"; };
		944DA6D12423765E00D1F76F /* epil3.jpg */ = {isa = PBXFileReference; lastKnownFileType = image.jpeg; path = epil3.jpg; sourceTree = "<group>"; };
		944DA6D22423765E00D1F76F /* pirs5.jpg */ = {isa = PBXFileReference; lastKnownFileType = image.jpeg; path = pirs5.jpg; sourceTree = "<group>"; };
		944DA6D32423765F00D1F76F /* cosm2.jpg */ = {isa = PBXFileReference; lastKnownFileType = image.jpeg; path = cosm2.jpg; sourceTree = "<group>"; };
		944DA6D42423765F00D1F76F /* pedik5.jpg */ = {isa = PBXFileReference; lastKnownFileType = image.jpeg; path = pedik5.jpg; sourceTree = "<group>"; };
		944DA6D52423765F00D1F76F /* pirs4.jpg */ = {isa = PBXFileReference; lastKnownFileType = image.jpeg; path = pirs4.jpg; sourceTree = "<group>"; };
		944DA6D62423765F00D1F76F /* tatu5.jpg */ = {isa = PBXFileReference; lastKnownFileType = image.jpeg; path = tatu5.jpg; sourceTree = "<group>"; };
		944DA6D72423765F00D1F76F /* epil1.jpg */ = {isa = PBXFileReference; lastKnownFileType = image.jpeg; path = epil1.jpg; sourceTree = "<group>"; };
		944DA6D82423766000D1F76F /* spa4.jpg */ = {isa = PBXFileReference; lastKnownFileType = image.jpeg; path = spa4.jpg; sourceTree = "<group>"; };
		944DA6D92423766000D1F76F /* pedik1.jpg */ = {isa = PBXFileReference; lastKnownFileType = image.jpeg; path = pedik1.jpg; sourceTree = "<group>"; };
		944DA6DA2423766000D1F76F /* spa3.jpg */ = {isa = PBXFileReference; lastKnownFileType = image.jpeg; path = spa3.jpg; sourceTree = "<group>"; };
		944DA6DB2423766000D1F76F /* bro3.jpg */ = {isa = PBXFileReference; lastKnownFileType = image.jpeg; path = bro3.jpg; sourceTree = "<group>"; };
		944DA6DC2423766000D1F76F /* tatu1.jpg */ = {isa = PBXFileReference; lastKnownFileType = image.jpeg; path = tatu1.jpg; sourceTree = "<group>"; };
		944DA6DD2423766100D1F76F /* pedik2.jpg */ = {isa = PBXFileReference; lastKnownFileType = image.jpeg; path = pedik2.jpg; sourceTree = "<group>"; };
		944DA6DE2423766100D1F76F /* spa5.png */ = {isa = PBXFileReference; lastKnownFileType = image.png; path = spa5.png; sourceTree = "<group>"; };
		944DA6DF2423766100D1F76F /* epil2.jpg */ = {isa = PBXFileReference; lastKnownFileType = image.jpeg; path = epil2.jpg; sourceTree = "<group>"; };
		944DA6E02423766100D1F76F /* pirs3.jpg */ = {isa = PBXFileReference; lastKnownFileType = image.jpeg; path = pirs3.jpg; sourceTree = "<group>"; };
		944DA6E12423766100D1F76F /* kras2.jpg */ = {isa = PBXFileReference; lastKnownFileType = image.jpeg; path = kras2.jpg; sourceTree = "<group>"; };
		944DA6E22423766100D1F76F /* okr4.jpg */ = {isa = PBXFileReference; lastKnownFileType = image.jpeg; path = okr4.jpg; sourceTree = "<group>"; };
		944DA6E32423766200D1F76F /* okr1.jpg */ = {isa = PBXFileReference; lastKnownFileType = image.jpeg; path = okr1.jpg; sourceTree = "<group>"; };
		944DA6E42423766200D1F76F /* cosm1.jpg */ = {isa = PBXFileReference; lastKnownFileType = image.jpeg; path = cosm1.jpg; sourceTree = "<group>"; };
		944DA6E52423766200D1F76F /* pedik3.jpg */ = {isa = PBXFileReference; lastKnownFileType = image.jpeg; path = pedik3.jpg; sourceTree = "<group>"; };
		944DA6E62423766200D1F76F /* epil5.jpg */ = {isa = PBXFileReference; lastKnownFileType = image.jpeg; path = epil5.jpg; sourceTree = "<group>"; };
		944DA6E72423766200D1F76F /* bro5.png */ = {isa = PBXFileReference; lastKnownFileType = image.png; path = bro5.png; sourceTree = "<group>"; };
		944DA6E82423766300D1F76F /* mak4.jpg */ = {isa = PBXFileReference; lastKnownFileType = image.jpeg; path = mak4.jpg; sourceTree = "<group>"; };
		944DA6E92423766300D1F76F /* pedik4.jpg */ = {isa = PBXFileReference; lastKnownFileType = image.jpeg; path = pedik4.jpg; sourceTree = "<group>"; };
		944DA6EA2423766300D1F76F /* cosm5.jpg */ = {isa = PBXFileReference; lastKnownFileType = image.jpeg; path = cosm5.jpg; sourceTree = "<group>"; };
		944DA6EB2423766300D1F76F /* okr5.jpg */ = {isa = PBXFileReference; lastKnownFileType = image.jpeg; path = okr5.jpg; sourceTree = "<group>"; };
		944DA6EC2423766300D1F76F /* bro4.jpg */ = {isa = PBXFileReference; lastKnownFileType = image.jpeg; path = bro4.jpg; sourceTree = "<group>"; };
		944DA6ED2423766400D1F76F /* spa2.jpg */ = {isa = PBXFileReference; lastKnownFileType = image.jpeg; path = spa2.jpg; sourceTree = "<group>"; };
		944DA6EE2423766400D1F76F /* nails5.jpg */ = {isa = PBXFileReference; lastKnownFileType = image.jpeg; path = nails5.jpg; sourceTree = "<group>"; };
		944DA6EF2423766400D1F76F /* mak1.jpg */ = {isa = PBXFileReference; lastKnownFileType = image.jpeg; path = mak1.jpg; sourceTree = "<group>"; };
		944DA6F02423766400D1F76F /* nails1.jpg */ = {isa = PBXFileReference; lastKnownFileType = image.jpeg; path = nails1.jpg; sourceTree = "<group>"; };
		944DA6F12423766400D1F76F /* mak5.jpg */ = {isa = PBXFileReference; lastKnownFileType = image.jpeg; path = mak5.jpg; sourceTree = "<group>"; };
		944DA6F22423766500D1F76F /* nails3.jpg */ = {isa = PBXFileReference; lastKnownFileType = image.jpeg; path = nails3.jpg; sourceTree = "<group>"; };
		944DA6F32423766500D1F76F /* tatu4.jpg */ = {isa = PBXFileReference; lastKnownFileType = image.jpeg; path = tatu4.jpg; sourceTree = "<group>"; };
		944DA6F42423766500D1F76F /* cosm4.png */ = {isa = PBXFileReference; lastKnownFileType = image.png; path = cosm4.png; sourceTree = "<group>"; };
		944DA6F52423766500D1F76F /* spa1.jpg */ = {isa = PBXFileReference; lastKnownFileType = image.jpeg; path = spa1.jpg; sourceTree = "<group>"; };
		944DA6F62423766500D1F76F /* mak3.jpg */ = {isa = PBXFileReference; lastKnownFileType = image.jpeg; path = mak3.jpg; sourceTree = "<group>"; };
		944DA6F72423766500D1F76F /* nails2.jpg */ = {isa = PBXFileReference; lastKnownFileType = image.jpeg; path = nails2.jpg; sourceTree = "<group>"; };
		944DA6F82423766600D1F76F /* okr3.jpg */ = {isa = PBXFileReference; lastKnownFileType = image.jpeg; path = okr3.jpg; sourceTree = "<group>"; };
		944DA6F92423766600D1F76F /* tatu3.jpg */ = {isa = PBXFileReference; lastKnownFileType = image.jpeg; path = tatu3.jpg; sourceTree = "<group>"; };
		944DA6FA2423766600D1F76F /* nails4.jpg */ = {isa = PBXFileReference; lastKnownFileType = image.jpeg; path = nails4.jpg; sourceTree = "<group>"; };
		944DA6FB2423766600D1F76F /* bro2.jpg */ = {isa = PBXFileReference; lastKnownFileType = image.jpeg; path = bro2.jpg; sourceTree = "<group>"; };
		944DA6FC2423766600D1F76F /* kras4.jpg */ = {isa = PBXFileReference; lastKnownFileType = image.jpeg; path = kras4.jpg; sourceTree = "<group>"; };
		944DA6FD2423766700D1F76F /* kras1.jpg */ = {isa = PBXFileReference; lastKnownFileType = image.jpeg; path = kras1.jpg; sourceTree = "<group>"; };
		944DA6FE2423766700D1F76F /* pirs1.jpg */ = {isa = PBXFileReference; lastKnownFileType = image.jpeg; path = pirs1.jpg; sourceTree = "<group>"; };
		944DA6FF2423766700D1F76F /* pirs2.jpg */ = {isa = PBXFileReference; lastKnownFileType = image.jpeg; path = pirs2.jpg; sourceTree = "<group>"; };
		944DA7002423766700D1F76F /* tatu2.jpg */ = {isa = PBXFileReference; lastKnownFileType = image.jpeg; path = tatu2.jpg; sourceTree = "<group>"; };
		9460C308242388FA00F7D175 /* filter.png */ = {isa = PBXFileReference; lastKnownFileType = image.png; path = filter.png; sourceTree = "<group>"; };
		9460C30A24239EC300F7D175 /* FormViewController.swift */ = {isa = PBXFileReference; lastKnownFileType = sourcecode.swift; path = FormViewController.swift; sourceTree = "<group>"; };
		946BC4AA241684FD00FBCFA1 /* NewRegPageViewController.swift */ = {isa = PBXFileReference; fileEncoding = 4; lastKnownFileType = sourcecode.swift; path = NewRegPageViewController.swift; sourceTree = "<group>"; };
		94964B31242133D700C40716 /* FilterViewController.swift */ = {isa = PBXFileReference; lastKnownFileType = sourcecode.swift; path = FilterViewController.swift; sourceTree = "<group>"; };
		94964B332421344200C40716 /* filters.json */ = {isa = PBXFileReference; lastKnownFileType = text.json; path = filters.json; sourceTree = "<group>"; };
		94964B352421416F00C40716 /* Filter.swift */ = {isa = PBXFileReference; lastKnownFileType = sourcecode.swift; path = Filter.swift; sourceTree = "<group>"; };
		94964B392421455D00C40716 /* Пирсинг.png */ = {isa = PBXFileReference; lastKnownFileType = image.png; path = "Пирсинг.png"; sourceTree = "<group>"; };
		94964B3A2421455D00C40716 /* Эпиляция.png */ = {isa = PBXFileReference; lastKnownFileType = image.png; path = "Эпиляция.png"; sourceTree = "<group>"; };
		94964B3B2421455D00C40716 /* Классическое окрашивание.png */ = {isa = PBXFileReference; lastKnownFileType = image.png; path = "Классическое окрашивание.png"; sourceTree = "<group>"; };
		94964B3C2421455D00C40716 /* Солярий.png */ = {isa = PBXFileReference; lastKnownFileType = image.png; path = "Солярий.png"; sourceTree = "<group>"; };
		94964B3D2421455E00C40716 /* Ресницы.png */ = {isa = PBXFileReference; lastKnownFileType = image.png; path = "Ресницы.png"; sourceTree = "<group>"; };
		94964B3E2421455E00C40716 /* Креативное окрашивание.png */ = {isa = PBXFileReference; lastKnownFileType = image.png; path = "Креативное окрашивание.png"; sourceTree = "<group>"; };
		94964B3F2421455E00C40716 /* Тату.png */ = {isa = PBXFileReference; lastKnownFileType = image.png; path = "Тату.png"; sourceTree = "<group>"; };
		94964B402421455E00C40716 /* Макияж.png */ = {isa = PBXFileReference; lastKnownFileType = image.png; path = "Макияж.png"; sourceTree = "<group>"; };
		94964B412421455E00C40716 /* Косметология.png */ = {isa = PBXFileReference; lastKnownFileType = image.png; path = "Косметология.png"; sourceTree = "<group>"; };
		94964B422421455E00C40716 /* Маникюр.png */ = {isa = PBXFileReference; lastKnownFileType = image.png; path = "Маникюр.png"; sourceTree = "<group>"; };
		94964B432421455F00C40716 /* Педикюр.png */ = {isa = PBXFileReference; lastKnownFileType = image.png; path = "Педикюр.png"; sourceTree = "<group>"; };
		94964B442421455F00C40716 /* Брови.png */ = {isa = PBXFileReference; lastKnownFileType = image.png; path = "Брови.png"; sourceTree = "<group>"; };
		94964B452421455F00C40716 /* Спа.png */ = {isa = PBXFileReference; lastKnownFileType = image.png; path = "Спа.png"; sourceTree = "<group>"; };
		94E1CF1A241D8481002DD769 /* EditingProfileViewController.swift */ = {isa = PBXFileReference; lastKnownFileType = sourcecode.swift; path = EditingProfileViewController.swift; sourceTree = "<group>"; };
		94E1CF1C241D87F5002DD769 /* signedInUser.swift */ = {isa = PBXFileReference; lastKnownFileType = sourcecode.swift; path = signedInUser.swift; sourceTree = "<group>"; };
		94E44300241F9BD800086B09 /* appPost.swift */ = {isa = PBXFileReference; lastKnownFileType = sourcecode.swift; path = appPost.swift; sourceTree = "<group>"; };
		94E44302241FAD0600086B09 /* posts.json */ = {isa = PBXFileReference; lastKnownFileType = text.json; path = posts.json; sourceTree = "<group>"; };
		94E44304241FAF9700086B09 /* InfoPageViewController.swift */ = {isa = PBXFileReference; lastKnownFileType = sourcecode.swift; path = InfoPageViewController.swift; sourceTree = "<group>"; };
		ACBA0963241A615E0058DE2B /* SearchTabViewController.swift */ = {isa = PBXFileReference; lastKnownFileType = sourcecode.swift; path = SearchTabViewController.swift; sourceTree = "<group>"; };
/* End PBXFileReference section */

/* Begin PBXFrameworksBuildPhase section */
		52375E82239C69F40083EAB9 /* Frameworks */ = {
			isa = PBXFrameworksBuildPhase;
			buildActionMask = 2147483647;
			files = (
			);
			runOnlyForDeploymentPostprocessing = 0;
		};
/* End PBXFrameworksBuildPhase section */

/* Begin PBXGroup section */
		210EC15D23A225190031045D /* Pics */ = {
			isa = PBXGroup;
			children = (
				94964B442421455F00C40716 /* Брови.png */,
				94964B3B2421455D00C40716 /* Классическое окрашивание.png */,
				94964B412421455E00C40716 /* Косметология.png */,
				94964B3E2421455E00C40716 /* Креативное окрашивание.png */,
				94964B402421455E00C40716 /* Макияж.png */,
				94964B422421455E00C40716 /* Маникюр.png */,
				94964B432421455F00C40716 /* Педикюр.png */,
				94964B392421455D00C40716 /* Пирсинг.png */,
				94964B3D2421455E00C40716 /* Ресницы.png */,
				94964B3C2421455D00C40716 /* Солярий.png */,
				94964B452421455F00C40716 /* Спа.png */,
				94964B3F2421455E00C40716 /* Тату.png */,
				94964B3A2421455D00C40716 /* Эпиляция.png */,
				2127CF36241FEAF400A5A1E0 /* logotext.png */,
				2127CF38241FEAF900A5A1E0 /* logotext2.png */,
				2127CF32241FDD8F00A5A1E0 /* accountphoto.png */,
				21323BDE241DBAF60081D8A6 /* Лого2.png */,
				210EC1CF23A234F40031045D /* Лого.png */,
			);
			path = Pics;
			sourceTree = "<group>";
		};
		210EC16623A2335C0031045D /* Icons */ = {
			isa = PBXGroup;
			children = (
				9460C308242388FA00F7D175 /* filter.png */,
				210EC16D23A2335C0031045D /* icon167.jpg */,
				210EC16E23A2335C0031045D /* icon29.jpg */,
				210EC17023A2335C0031045D /* icon1024.jpg */,
				210EC17723A2335C0031045D /* icon60.jpg */,
				210EC17923A2335C0031045D /* icon76.jpg */,
				210EC18023A2335C0031045D /* icon58.jpg */,
				210EC18223A2335C0031045D /* icon40.jpg */,
				210EC18723A2335C0031045D /* icon80.jpg */,
				210EC18E23A2335C0031045D /* icon87.jpg */,
				210EC18F23A2335C0031045D /* icon120.jpg */,
				210EC19223A2335C0031045D /* icon152.jpg */,
				210EC19323A2335C0031045D /* icon20.jpg */,
				210EC19A23A2335C0031045D /* icon180.jpg */,
			);
			path = Icons;
			sourceTree = "<group>";
		};
		218AA7F2242269AC004616FC /* posts images */ = {
			isa = PBXGroup;
			children = (
				944DA6CA2423765D00D1F76F /* bro1.jpg */,
				944DA6FB2423766600D1F76F /* bro2.jpg */,
				944DA6DB2423766000D1F76F /* bro3.jpg */,
				944DA6EC2423766300D1F76F /* bro4.jpg */,
				944DA6E72423766200D1F76F /* bro5.png */,
				944DA6E42423766200D1F76F /* cosm1.jpg */,
				944DA6D32423765F00D1F76F /* cosm2.jpg */,
				944DA6CF2423765E00D1F76F /* cosm3.jpg */,
				944DA6F42423766500D1F76F /* cosm4.png */,
				944DA6EA2423766300D1F76F /* cosm5.jpg */,
				944DA6D72423765F00D1F76F /* epil1.jpg */,
				944DA6DF2423766100D1F76F /* epil2.jpg */,
				944DA6D12423765E00D1F76F /* epil3.jpg */,
				944DA6CD2423765D00D1F76F /* epil4.png */,
				944DA6E62423766200D1F76F /* epil5.jpg */,
				944DA6FD2423766700D1F76F /* kras1.jpg */,
				944DA6E12423766100D1F76F /* kras2.jpg */,
				944DA6CC2423765D00D1F76F /* kras3.jpg */,
				944DA6FC2423766600D1F76F /* kras4.jpg */,
				944DA6CB2423765D00D1F76F /* kras5.jpg */,
				944DA6EF2423766400D1F76F /* mak1.jpg */,
				944DA6D02423765E00D1F76F /* mak2.jpg */,
				944DA6F62423766500D1F76F /* mak3.jpg */,
				944DA6E82423766300D1F76F /* mak4.jpg */,
				944DA6F12423766400D1F76F /* mak5.jpg */,
				944DA6F02423766400D1F76F /* nails1.jpg */,
				944DA6F72423766500D1F76F /* nails2.jpg */,
				944DA6F22423766500D1F76F /* nails3.jpg */,
				944DA6FA2423766600D1F76F /* nails4.jpg */,
				944DA6EE2423766400D1F76F /* nails5.jpg */,
				944DA6E32423766200D1F76F /* okr1.jpg */,
				944DA6CE2423765D00D1F76F /* okr2.jpg */,
				944DA6F82423766600D1F76F /* okr3.jpg */,
				944DA6E22423766100D1F76F /* okr4.jpg */,
				944DA6EB2423766300D1F76F /* okr5.jpg */,
				944DA6D92423766000D1F76F /* pedik1.jpg */,
				944DA6DD2423766100D1F76F /* pedik2.jpg */,
				944DA6E52423766200D1F76F /* pedik3.jpg */,
				944DA6E92423766300D1F76F /* pedik4.jpg */,
				944DA6D42423765F00D1F76F /* pedik5.jpg */,
				944DA6FE2423766700D1F76F /* pirs1.jpg */,
				944DA6FF2423766700D1F76F /* pirs2.jpg */,
				944DA6E02423766100D1F76F /* pirs3.jpg */,
				944DA6D52423765F00D1F76F /* pirs4.jpg */,
				944DA6D22423765E00D1F76F /* pirs5.jpg */,
				944DA6F52423766500D1F76F /* spa1.jpg */,
				944DA6ED2423766400D1F76F /* spa2.jpg */,
				944DA6DA2423766000D1F76F /* spa3.jpg */,
				944DA6D82423766000D1F76F /* spa4.jpg */,
				944DA6DE2423766100D1F76F /* spa5.png */,
				944DA6DC2423766000D1F76F /* tatu1.jpg */,
				944DA7002423766700D1F76F /* tatu2.jpg */,
				944DA6F92423766600D1F76F /* tatu3.jpg */,
				944DA6F32423766500D1F76F /* tatu4.jpg */,
				944DA6D62423765F00D1F76F /* tatu5.jpg */,
			);
			name = "posts images";
			path = "iOS_app_project/posts images";
			sourceTree = SOURCE_ROOT;
		};
		21D880CC241585F400FBE60E /* Main Page */ = {
			isa = PBXGroup;
			children = (
				21D880C82415855900FBE60E /* MainPage.swift */,
				21D880CF2415885F00FBE60E /* MainPageProvider.swift */,
				21D880C4241583F700FBE60E /* MainPageViewController.swift */,
				21D880CA241585D600FBE60E /* MainPageCollectionViewCell.swift */,
				21D880CD241586F600FBE60E /* MainPageCollectionViewCell.xib */,
				21D880D42415894C00FBE60E /* CustomGriddedContentCollectionViewDelegate.swift */,
				21D880D32415894C00FBE60E /* DefaultCollectionViewDelegate.swift */,
				21D880D12415894C00FBE60E /* DefaultGriddedContentCollectionViewDelegate.swift */,
				21D880D22415894C00FBE60E /* TabledContentCollectionViewDelegate.swift */,
			);
			path = "Main Page";
			sourceTree = "<group>";
		};
		52375E7C239C69F40083EAB9 = {
			isa = PBXGroup;
			children = (
				52375E87239C69F40083EAB9 /* iOS_app_project */,
				52375E86239C69F40083EAB9 /* Products */,
			);
			sourceTree = "<group>";
		};
		52375E86239C69F40083EAB9 /* Products */ = {
			isa = PBXGroup;
			children = (
				52375E85239C69F40083EAB9 /* FreeModel.app */,
			);
			name = Products;
			sourceTree = "<group>";
		};
		52375E87239C69F40083EAB9 /* iOS_app_project */ = {
			isa = PBXGroup;
			children = (
				94E44302241FAD0600086B09 /* posts.json */,
				94964B332421344200C40716 /* filters.json */,
				218AA7F2242269AC004616FC /* posts images */,
				210EC16623A2335C0031045D /* Icons */,
				210EC15D23A225190031045D /* Pics */,
				52375E88239C69F40083EAB9 /* AppDelegate.swift */,
				210EC16423A22F850031045D /* Login Page View Controller.swift */,
				52375E8A239C69F40083EAB9 /* SceneDelegate.swift */,
				52375E8C239C69F40083EAB9 /* ViewController.swift */,
				52375E8E239C69F40083EAB9 /* Main.storyboard */,
				21D880CC241585F400FBE60E /* Main Page */,
				52375E94239C6A060083EAB9 /* Assets.xcassets */,
				52375E96239C6A060083EAB9 /* LaunchScreen.storyboard */,
				52375E99239C6A060083EAB9 /* Info.plist */,
				52375E91239C69F40083EAB9 /* iOS_app_project.xcdatamodeld */,
				946BC4AA241684FD00FBCFA1 /* NewRegPageViewController.swift */,
				ACBA0963241A615E0058DE2B /* SearchTabViewController.swift */,
				94964B31242133D700C40716 /* FilterViewController.swift */,
				21323BE0241DD2DA0081D8A6 /* PostCell.swift */,
				9428FC49241C512000C8DBB1 /* ProfileViewController.swift */,
				94E1CF1A241D8481002DD769 /* EditingProfileViewController.swift */,
				94E1CF1C241D87F5002DD769 /* signedInUser.swift */,
				94E44300241F9BD800086B09 /* appPost.swift */,
				94E44304241FAF9700086B09 /* InfoPageViewController.swift */,
				94964B352421416F00C40716 /* Filter.swift */,
				9460C30A24239EC300F7D175 /* FormViewController.swift */,
			);
			path = iOS_app_project;
			sourceTree = "<group>";
		};
/* End PBXGroup section */

/* Begin PBXNativeTarget section */
		52375E84239C69F40083EAB9 /* iOS_app_project */ = {
			isa = PBXNativeTarget;
			buildConfigurationList = 52375E9C239C6A060083EAB9 /* Build configuration list for PBXNativeTarget "iOS_app_project" */;
			buildPhases = (
				52375E81239C69F40083EAB9 /* Sources */,
				52375E82239C69F40083EAB9 /* Frameworks */,
				52375E83239C69F40083EAB9 /* Resources */,
			);
			buildRules = (
			);
			dependencies = (
			);
			name = iOS_app_project;
			productName = iOS_app_project;
			productReference = 52375E85239C69F40083EAB9 /* FreeModel.app */;
			productType = "com.apple.product-type.application";
		};
/* End PBXNativeTarget section */

/* Begin PBXProject section */
		52375E7D239C69F40083EAB9 /* Project object */ = {
			isa = PBXProject;
			attributes = {
				LastSwiftUpdateCheck = 1120;
				LastUpgradeCheck = 1120;
				ORGANIZATIONNAME = "Игорь Кузнецов";
				TargetAttributes = {
					52375E84239C69F40083EAB9 = {
						CreatedOnToolsVersion = 11.2.1;
					};
				};
			};
			buildConfigurationList = 52375E80239C69F40083EAB9 /* Build configuration list for PBXProject "iOS_app_project" */;
			compatibilityVersion = "Xcode 9.3";
			developmentRegion = en;
			hasScannedForEncodings = 0;
			knownRegions = (
				en,
				Base,
			);
			mainGroup = 52375E7C239C69F40083EAB9;
			productRefGroup = 52375E86239C69F40083EAB9 /* Products */;
			projectDirPath = "";
			projectRoot = "";
			targets = (
				52375E84239C69F40083EAB9 /* iOS_app_project */,
			);
		};
/* End PBXProject section */

/* Begin PBXResourcesBuildPhase section */
		52375E83239C69F40083EAB9 /* Resources */ = {
			isa = PBXResourcesBuildPhase;
			buildActionMask = 2147483647;
			files = (
				94964B4D2421455F00C40716 /* Макияж.png in Resources */,
				52375E98239C6A060083EAB9 /* LaunchScreen.storyboard in Resources */,
				21D880CE241586F700FBE60E /* MainPageCollectionViewCell.xib in Resources */,
				944DA7202423766700D1F76F /* pedik4.jpg in Resources */,
				944DA7022423766700D1F76F /* kras5.jpg in Resources */,
				944DA71F2423766700D1F76F /* mak4.jpg in Resources */,
				944DA70A2423766700D1F76F /* cosm2.jpg in Resources */,
				2127CF33241FDD9000A5A1E0 /* accountphoto.png in Resources */,
				2127CF37241FEAF400A5A1E0 /* logotext.png in Resources */,
				94964B4A2421455F00C40716 /* Ресницы.png in Resources */,
				944DA7322423766700D1F76F /* bro2.jpg in Resources */,
				210EC1A423A2335C0031045D /* icon1024.jpg in Resources */,
				944DA7012423766700D1F76F /* bro1.jpg in Resources */,
				944DA7102423766700D1F76F /* pedik1.jpg in Resources */,
				94964B502421455F00C40716 /* Педикюр.png in Resources */,
				944DA70F2423766700D1F76F /* spa4.jpg in Resources */,
				944DA70B2423766700D1F76F /* pedik5.jpg in Resources */,
				94964B482421455F00C40716 /* Классическое окрашивание.png in Resources */,
				210EC1B423A2335C0031045D /* icon58.jpg in Resources */,
				944DA7182423766700D1F76F /* kras2.jpg in Resources */,
				944DA7032423766700D1F76F /* kras3.jpg in Resources */,
				944DA7222423766700D1F76F /* okr5.jpg in Resources */,
				944DA72A2423766700D1F76F /* tatu4.jpg in Resources */,
				944DA7172423766700D1F76F /* pirs3.jpg in Resources */,
				944DA7232423766700D1F76F /* bro4.jpg in Resources */,
				94964B4B2421455F00C40716 /* Креативное окрашивание.png in Resources */,
				944DA72E2423766700D1F76F /* nails2.jpg in Resources */,
				210EC1CE23A2335C0031045D /* icon180.jpg in Resources */,
				2127CF39241FEAF900A5A1E0 /* logotext2.png in Resources */,
				944DA7062423766700D1F76F /* cosm3.jpg in Resources */,
				52375E95239C6A060083EAB9 /* Assets.xcassets in Resources */,
				944DA7152423766700D1F76F /* spa5.png in Resources */,
				944DA71C2423766700D1F76F /* pedik3.jpg in Resources */,
				944DA72D2423766700D1F76F /* mak3.jpg in Resources */,
				944DA7112423766700D1F76F /* spa3.jpg in Resources */,
				944DA72F2423766700D1F76F /* okr3.jpg in Resources */,
				944DA7132423766700D1F76F /* tatu1.jpg in Resources */,
				944DA71B2423766700D1F76F /* cosm1.jpg in Resources */,
				94964B4C2421455F00C40716 /* Тату.png in Resources */,
				944DA7312423766700D1F76F /* nails4.jpg in Resources */,
				944DA7092423766700D1F76F /* pirs5.jpg in Resources */,
				944DA7352423766700D1F76F /* pirs1.jpg in Resources */,
				944DA7042423766700D1F76F /* epil4.png in Resources */,
				944DA7342423766700D1F76F /* kras1.jpg in Resources */,
				94964B462421455F00C40716 /* Пирсинг.png in Resources */,
				944DA7292423766700D1F76F /* nails3.jpg in Resources */,
				210EC1A223A2335C0031045D /* icon29.jpg in Resources */,
				52375E90239C69F40083EAB9 /* Main.storyboard in Resources */,
				944DA7302423766700D1F76F /* tatu3.jpg in Resources */,
				210EC1BB23A2335C0031045D /* icon80.jpg in Resources */,
				94E44303241FAD0600086B09 /* posts.json in Resources */,
				94964B4F2421455F00C40716 /* Маникюр.png in Resources */,
				94964B512421455F00C40716 /* Брови.png in Resources */,
				210EC1AB23A2335C0031045D /* icon60.jpg in Resources */,
				944DA71E2423766700D1F76F /* bro5.png in Resources */,
				944DA7332423766700D1F76F /* kras4.jpg in Resources */,
				210EC1D023A234F40031045D /* Лого.png in Resources */,
				944DA71D2423766700D1F76F /* epil5.jpg in Resources */,
				94964B472421455F00C40716 /* Эпиляция.png in Resources */,
				944DA71A2423766700D1F76F /* okr1.jpg in Resources */,
				944DA7162423766700D1F76F /* epil2.jpg in Resources */,
				944DA7362423766700D1F76F /* pirs2.jpg in Resources */,
				944DA7072423766700D1F76F /* mak2.jpg in Resources */,
				944DA7282423766700D1F76F /* mak5.jpg in Resources */,
				210EC1B623A2335C0031045D /* icon40.jpg in Resources */,
				944DA7192423766700D1F76F /* okr4.jpg in Resources */,
				944DA7082423766700D1F76F /* epil3.jpg in Resources */,
				210EC1C723A2335C0031045D /* icon20.jpg in Resources */,
				944DA7242423766700D1F76F /* spa2.jpg in Resources */,
				21323BDF241DBAF60081D8A6 /* Лого2.png in Resources */,
				9460C309242388FA00F7D175 /* filter.png in Resources */,
				94964B4E2421455F00C40716 /* Косметология.png in Resources */,
				210EC1C223A2335C0031045D /* icon87.jpg in Resources */,
				210EC1C323A2335C0031045D /* icon120.jpg in Resources */,
				944DA70E2423766700D1F76F /* epil1.jpg in Resources */,
				944DA7262423766700D1F76F /* mak1.jpg in Resources */,
				944DA70C2423766700D1F76F /* pirs4.jpg in Resources */,
				944DA72B2423766700D1F76F /* cosm4.png in Resources */,
				210EC1C623A2335C0031045D /* icon152.jpg in Resources */,
				94964B342421344200C40716 /* filters.json in Resources */,
				944DA7052423766700D1F76F /* okr2.jpg in Resources */,
				944DA7372423766700D1F76F /* tatu2.jpg in Resources */,
				944DA7252423766700D1F76F /* nails5.jpg in Resources */,
				944DA70D2423766700D1F76F /* tatu5.jpg in Resources */,
				94964B522421455F00C40716 /* Спа.png in Resources */,
				944DA7272423766700D1F76F /* nails1.jpg in Resources */,
				944DA7122423766700D1F76F /* bro3.jpg in Resources */,
				944DA7142423766700D1F76F /* pedik2.jpg in Resources */,
				944DA72C2423766700D1F76F /* spa1.jpg in Resources */,
				210EC1A123A2335C0031045D /* icon167.jpg in Resources */,
				94964B492421455F00C40716 /* Солярий.png in Resources */,
				210EC1AD23A2335C0031045D /* icon76.jpg in Resources */,
				944DA7212423766700D1F76F /* cosm5.jpg in Resources */,
			);
			runOnlyForDeploymentPostprocessing = 0;
		};
/* End PBXResourcesBuildPhase section */

/* Begin PBXSourcesBuildPhase section */
		52375E81239C69F40083EAB9 /* Sources */ = {
			isa = PBXSourcesBuildPhase;
			buildActionMask = 2147483647;
			files = (
				52375E8D239C69F40083EAB9 /* ViewController.swift in Sources */,
				94E1CF1D241D87F5002DD769 /* signedInUser.swift in Sources */,
				94964B362421416F00C40716 /* Filter.swift in Sources */,
				21D880C5241583F700FBE60E /* MainPageViewController.swift in Sources */,
				94E44305241FAF9700086B09 /* InfoPageViewController.swift in Sources */,
				21D880CB241585D600FBE60E /* MainPageCollectionViewCell.swift in Sources */,
				9460C30B24239EC300F7D175 /* FormViewController.swift in Sources */,
				94E1CF1B241D8481002DD769 /* EditingProfileViewController.swift in Sources */,
				52375E93239C69F40083EAB9 /* iOS_app_project.xcdatamodeld in Sources */,
				ACBA0965241A615E0058DE2B /* SearchTabViewController.swift in Sources */,
				21D880C92415855900FBE60E /* MainPage.swift in Sources */,
				9428FC4A241C512000C8DBB1 /* ProfileViewController.swift in Sources */,
				21D880D62415894C00FBE60E /* TabledContentCollectionViewDelegate.swift in Sources */,
				52375E89239C69F40083EAB9 /* AppDelegate.swift in Sources */,
				946BC4AB241684FD00FBCFA1 /* NewRegPageViewController.swift in Sources */,
				21323BE1241DD2DA0081D8A6 /* PostCell.swift in Sources */,
				210EC16523A22F850031045D /* Login Page View Controller.swift in Sources */,
				21D880D52415894C00FBE60E /* DefaultGriddedContentCollectionViewDelegate.swift in Sources */,
				94964B32242133D700C40716 /* FilterViewController.swift in Sources */,
				21D880D72415894C00FBE60E /* DefaultCollectionViewDelegate.swift in Sources */,
				21D880D02415885F00FBE60E /* MainPageProvider.swift in Sources */,
				52375E8B239C69F40083EAB9 /* SceneDelegate.swift in Sources */,
				21D880D82415894C00FBE60E /* CustomGriddedContentCollectionViewDelegate.swift in Sources */,
				94E44301241F9BD800086B09 /* appPost.swift in Sources */,
			);
			runOnlyForDeploymentPostprocessing = 0;
		};
/* End PBXSourcesBuildPhase section */

/* Begin PBXVariantGroup section */
		52375E8E239C69F40083EAB9 /* Main.storyboard */ = {
			isa = PBXVariantGroup;
			children = (
				52375E8F239C69F40083EAB9 /* Base */,
			);
			name = Main.storyboard;
			sourceTree = "<group>";
		};
		52375E96239C6A060083EAB9 /* LaunchScreen.storyboard */ = {
			isa = PBXVariantGroup;
			children = (
				52375E97239C6A060083EAB9 /* Base */,
			);
			name = LaunchScreen.storyboard;
			sourceTree = "<group>";
		};
/* End PBXVariantGroup section */

/* Begin XCBuildConfiguration section */
		52375E9A239C6A060083EAB9 /* Debug */ = {
			isa = XCBuildConfiguration;
			buildSettings = {
				ALWAYS_SEARCH_USER_PATHS = NO;
				CLANG_ANALYZER_NONNULL = YES;
				CLANG_ANALYZER_NUMBER_OBJECT_CONVERSION = YES_AGGRESSIVE;
				CLANG_CXX_LANGUAGE_STANDARD = "gnu++14";
				CLANG_CXX_LIBRARY = "libc++";
				CLANG_ENABLE_MODULES = YES;
				CLANG_ENABLE_OBJC_ARC = YES;
				CLANG_ENABLE_OBJC_WEAK = YES;
				CLANG_WARN_BLOCK_CAPTURE_AUTORELEASING = YES;
				CLANG_WARN_BOOL_CONVERSION = YES;
				CLANG_WARN_COMMA = YES;
				CLANG_WARN_CONSTANT_CONVERSION = YES;
				CLANG_WARN_DEPRECATED_OBJC_IMPLEMENTATIONS = YES;
				CLANG_WARN_DIRECT_OBJC_ISA_USAGE = YES_ERROR;
				CLANG_WARN_DOCUMENTATION_COMMENTS = YES;
				CLANG_WARN_EMPTY_BODY = YES;
				CLANG_WARN_ENUM_CONVERSION = YES;
				CLANG_WARN_INFINITE_RECURSION = YES;
				CLANG_WARN_INT_CONVERSION = YES;
				CLANG_WARN_NON_LITERAL_NULL_CONVERSION = YES;
				CLANG_WARN_OBJC_IMPLICIT_RETAIN_SELF = YES;
				CLANG_WARN_OBJC_LITERAL_CONVERSION = YES;
				CLANG_WARN_OBJC_ROOT_CLASS = YES_ERROR;
				CLANG_WARN_RANGE_LOOP_ANALYSIS = YES;
				CLANG_WARN_STRICT_PROTOTYPES = YES;
				CLANG_WARN_SUSPICIOUS_MOVE = YES;
				CLANG_WARN_UNGUARDED_AVAILABILITY = YES_AGGRESSIVE;
				CLANG_WARN_UNREACHABLE_CODE = YES;
				CLANG_WARN__DUPLICATE_METHOD_MATCH = YES;
				COPY_PHASE_STRIP = NO;
				DEBUG_INFORMATION_FORMAT = dwarf;
				ENABLE_STRICT_OBJC_MSGSEND = YES;
				ENABLE_TESTABILITY = YES;
				GCC_C_LANGUAGE_STANDARD = gnu11;
				GCC_DYNAMIC_NO_PIC = NO;
				GCC_NO_COMMON_BLOCKS = YES;
				GCC_OPTIMIZATION_LEVEL = 0;
				GCC_PREPROCESSOR_DEFINITIONS = (
					"DEBUG=1",
					"$(inherited)",
				);
				GCC_WARN_64_TO_32_BIT_CONVERSION = YES;
				GCC_WARN_ABOUT_RETURN_TYPE = YES_ERROR;
				GCC_WARN_UNDECLARED_SELECTOR = YES;
				GCC_WARN_UNINITIALIZED_AUTOS = YES_AGGRESSIVE;
				GCC_WARN_UNUSED_FUNCTION = YES;
				GCC_WARN_UNUSED_VARIABLE = YES;
				IPHONEOS_DEPLOYMENT_TARGET = 13.2;
				MTL_ENABLE_DEBUG_INFO = INCLUDE_SOURCE;
				MTL_FAST_MATH = YES;
				ONLY_ACTIVE_ARCH = YES;
				SDKROOT = iphoneos;
				SWIFT_ACTIVE_COMPILATION_CONDITIONS = DEBUG;
				SWIFT_OPTIMIZATION_LEVEL = "-Onone";
			};
			name = Debug;
		};
		52375E9B239C6A060083EAB9 /* Release */ = {
			isa = XCBuildConfiguration;
			buildSettings = {
				ALWAYS_SEARCH_USER_PATHS = NO;
				CLANG_ANALYZER_NONNULL = YES;
				CLANG_ANALYZER_NUMBER_OBJECT_CONVERSION = YES_AGGRESSIVE;
				CLANG_CXX_LANGUAGE_STANDARD = "gnu++14";
				CLANG_CXX_LIBRARY = "libc++";
				CLANG_ENABLE_MODULES = YES;
				CLANG_ENABLE_OBJC_ARC = YES;
				CLANG_ENABLE_OBJC_WEAK = YES;
				CLANG_WARN_BLOCK_CAPTURE_AUTORELEASING = YES;
				CLANG_WARN_BOOL_CONVERSION = YES;
				CLANG_WARN_COMMA = YES;
				CLANG_WARN_CONSTANT_CONVERSION = YES;
				CLANG_WARN_DEPRECATED_OBJC_IMPLEMENTATIONS = YES;
				CLANG_WARN_DIRECT_OBJC_ISA_USAGE = YES_ERROR;
				CLANG_WARN_DOCUMENTATION_COMMENTS = YES;
				CLANG_WARN_EMPTY_BODY = YES;
				CLANG_WARN_ENUM_CONVERSION = YES;
				CLANG_WARN_INFINITE_RECURSION = YES;
				CLANG_WARN_INT_CONVERSION = YES;
				CLANG_WARN_NON_LITERAL_NULL_CONVERSION = YES;
				CLANG_WARN_OBJC_IMPLICIT_RETAIN_SELF = YES;
				CLANG_WARN_OBJC_LITERAL_CONVERSION = YES;
				CLANG_WARN_OBJC_ROOT_CLASS = YES_ERROR;
				CLANG_WARN_RANGE_LOOP_ANALYSIS = YES;
				CLANG_WARN_STRICT_PROTOTYPES = YES;
				CLANG_WARN_SUSPICIOUS_MOVE = YES;
				CLANG_WARN_UNGUARDED_AVAILABILITY = YES_AGGRESSIVE;
				CLANG_WARN_UNREACHABLE_CODE = YES;
				CLANG_WARN__DUPLICATE_METHOD_MATCH = YES;
				COPY_PHASE_STRIP = NO;
				DEBUG_INFORMATION_FORMAT = "dwarf-with-dsym";
				ENABLE_NS_ASSERTIONS = NO;
				ENABLE_STRICT_OBJC_MSGSEND = YES;
				GCC_C_LANGUAGE_STANDARD = gnu11;
				GCC_NO_COMMON_BLOCKS = YES;
				GCC_WARN_64_TO_32_BIT_CONVERSION = YES;
				GCC_WARN_ABOUT_RETURN_TYPE = YES_ERROR;
				GCC_WARN_UNDECLARED_SELECTOR = YES;
				GCC_WARN_UNINITIALIZED_AUTOS = YES_AGGRESSIVE;
				GCC_WARN_UNUSED_FUNCTION = YES;
				GCC_WARN_UNUSED_VARIABLE = YES;
				IPHONEOS_DEPLOYMENT_TARGET = 13.2;
				MTL_ENABLE_DEBUG_INFO = NO;
				MTL_FAST_MATH = YES;
				SDKROOT = iphoneos;
				SWIFT_COMPILATION_MODE = wholemodule;
				SWIFT_OPTIMIZATION_LEVEL = "-O";
				VALIDATE_PRODUCT = YES;
			};
			name = Release;
		};
		52375E9D239C6A060083EAB9 /* Debug */ = {
			isa = XCBuildConfiguration;
			buildSettings = {
				ASSETCATALOG_COMPILER_APPICON_NAME = AppIcon;
				CODE_SIGN_STYLE = Automatic;
				DEVELOPMENT_TEAM = LLDZY8HPDS;
				INFOPLIST_FILE = iOS_app_project/Info.plist;
				LD_RUNPATH_SEARCH_PATHS = (
					"$(inherited)",
					"@executable_path/Frameworks",
				);
				PRODUCT_BUNDLE_IDENTIFIER = com.masha.iosappproject;
				PRODUCT_NAME = FreeModel;
				SWIFT_VERSION = 5.0;
				TARGETED_DEVICE_FAMILY = "1,2";
			};
			name = Debug;
		};
		52375E9E239C6A060083EAB9 /* Release */ = {
			isa = XCBuildConfiguration;
			buildSettings = {
				ASSETCATALOG_COMPILER_APPICON_NAME = AppIcon;
				CODE_SIGN_STYLE = Automatic;
				DEVELOPMENT_TEAM = LLDZY8HPDS;
				INFOPLIST_FILE = iOS_app_project/Info.plist;
				LD_RUNPATH_SEARCH_PATHS = (
					"$(inherited)",
					"@executable_path/Frameworks",
				);
				PRODUCT_BUNDLE_IDENTIFIER = com.masha.iosappproject;
				PRODUCT_NAME = FreeModel;
				SWIFT_VERSION = 5.0;
				TARGETED_DEVICE_FAMILY = "1,2";
			};
			name = Release;
		};
/* End XCBuildConfiguration section */

/* Begin XCConfigurationList section */
		52375E80239C69F40083EAB9 /* Build configuration list for PBXProject "iOS_app_project" */ = {
			isa = XCConfigurationList;
			buildConfigurations = (
				52375E9A239C6A060083EAB9 /* Debug */,
				52375E9B239C6A060083EAB9 /* Release */,
			);
			defaultConfigurationIsVisible = 0;
			defaultConfigurationName = Release;
		};
		52375E9C239C6A060083EAB9 /* Build configuration list for PBXNativeTarget "iOS_app_project" */ = {
			isa = XCConfigurationList;
			buildConfigurations = (
				52375E9D239C6A060083EAB9 /* Debug */,
				52375E9E239C6A060083EAB9 /* Release */,
			);
			defaultConfigurationIsVisible = 0;
			defaultConfigurationName = Release;
		};
/* End XCConfigurationList section */

/* Begin XCVersionGroup section */
		52375E91239C69F40083EAB9 /* iOS_app_project.xcdatamodeld */ = {
			isa = XCVersionGroup;
			children = (
				52375E92239C69F40083EAB9 /* iOS_app_project.xcdatamodel */,
			);
			currentVersion = 52375E92239C69F40083EAB9 /* iOS_app_project.xcdatamodel */;
			path = iOS_app_project.xcdatamodeld;
			sourceTree = "<group>";
			versionGroupType = wrapper.xcdatamodel;
		};
/* End XCVersionGroup section */
	};
	rootObject = 52375E7D239C69F40083EAB9 /* Project object */;
}
